// !$*UTF8*$!
{
	archiveVersion = 1;
	classes = {
	};
	objectVersion = 46;
	objects = {

/* Begin PBXBuildFile section */
		7F1767A917C76CB800724BD6 /* AVFoundation.framework in Frameworks */ = {isa = PBXBuildFile; fileRef = 7F1767A817C76CB800724BD6 /* AVFoundation.framework */; };
		7F1767AC17C76F0F00724BD6 /* CaptureSessionManager.m in Sources */ = {isa = PBXBuildFile; fileRef = 7F1767AB17C76F0F00724BD6 /* CaptureSessionManager.m */; };
		7F2767121791E80000A1C1A0 /* Foundation.framework in Frameworks */ = {isa = PBXBuildFile; fileRef = 7F2767111791E80000A1C1A0 /* Foundation.framework */; };
		7F2767141791E80000A1C1A0 /* CoreGraphics.framework in Frameworks */ = {isa = PBXBuildFile; fileRef = 7F2767131791E80000A1C1A0 /* CoreGraphics.framework */; };
		7F2767161791E80000A1C1A0 /* UIKit.framework in Frameworks */ = {isa = PBXBuildFile; fileRef = 7F2767151791E80000A1C1A0 /* UIKit.framework */; };
		7F27671C1791E80000A1C1A0 /* InfoPlist.strings in Resources */ = {isa = PBXBuildFile; fileRef = 7F27671A1791E80000A1C1A0 /* InfoPlist.strings */; };
		7F27671E1791E80000A1C1A0 /* main.m in Sources */ = {isa = PBXBuildFile; fileRef = 7F27671D1791E80000A1C1A0 /* main.m */; };
		7F2767221791E80000A1C1A0 /* AppDelegate.m in Sources */ = {isa = PBXBuildFile; fileRef = 7F2767211791E80000A1C1A0 /* AppDelegate.m */; };
		7F27672A1791E80000A1C1A0 /* Images.xcassets in Resources */ = {isa = PBXBuildFile; fileRef = 7F2767291791E80000A1C1A0 /* Images.xcassets */; };
		7F2767311791E80000A1C1A0 /* XCTest.framework in Frameworks */ = {isa = PBXBuildFile; fileRef = 7F2767301791E80000A1C1A0 /* XCTest.framework */; };
		7F2767321791E80000A1C1A0 /* Foundation.framework in Frameworks */ = {isa = PBXBuildFile; fileRef = 7F2767111791E80000A1C1A0 /* Foundation.framework */; };
		7F2767331791E80000A1C1A0 /* UIKit.framework in Frameworks */ = {isa = PBXBuildFile; fileRef = 7F2767151791E80000A1C1A0 /* UIKit.framework */; };
		7F27673B1791E80000A1C1A0 /* InfoPlist.strings in Resources */ = {isa = PBXBuildFile; fileRef = 7F2767391791E80000A1C1A0 /* InfoPlist.strings */; };
		7F27673D1791E80000A1C1A0 /* InstaCarTests.m in Sources */ = {isa = PBXBuildFile; fileRef = 7F27673C1791E80000A1C1A0 /* InstaCarTests.m */; };
		7F3106CA17D7A9DD0057FCBE /* ModelsVC.m in Sources */ = {isa = PBXBuildFile; fileRef = 7F3106C917D7A9DD0057FCBE /* ModelsVC.m */; };
		7F3871D317BE4B7900D8E39D /* main.storyboard in Resources */ = {isa = PBXBuildFile; fileRef = 7F3871D217BE4B7900D8E39D /* main.storyboard */; };
		7F3871D617BE4CA900D8E39D /* MainNavController.m in Sources */ = {isa = PBXBuildFile; fileRef = 7F3871D517BE4CA900D8E39D /* MainNavController.m */; };
		7F3871D917BE4D4C00D8E39D /* MainVC.m in Sources */ = {isa = PBXBuildFile; fileRef = 7F3871D817BE4D4C00D8E39D /* MainVC.m */; };
		7F3871DE17BE4F1000D8E39D /* DDMenuController.m in Sources */ = {isa = PBXBuildFile; fileRef = 7F3871DD17BE4F1000D8E39D /* DDMenuController.m */; };
		7F3871E117BE5A4F00D8E39D /* AppMenuTableVC.m in Sources */ = {isa = PBXBuildFile; fileRef = 7F3871E017BE5A4F00D8E39D /* AppMenuTableVC.m */; };
		7F419E2717D65EBB00255E56 /* CellSkinSet.m in Sources */ = {isa = PBXBuildFile; fileRef = 7F419E2617D65EBB00255E56 /* CellSkinSet.m */; };
		7F419E2D17D6698000255E56 /* CellAuto.m in Sources */ = {isa = PBXBuildFile; fileRef = 7F419E2C17D6698000255E56 /* CellAuto.m */; };
		7F4ECC2A17C7F8C200BF1671 /* CoreLocation.framework in Frameworks */ = {isa = PBXBuildFile; fileRef = 7F4ECC2917C7F8C200BF1671 /* CoreLocation.framework */; };
		7F4ECC2D17C8062800BF1671 /* SideViewControllerBase.m in Sources */ = {isa = PBXBuildFile; fileRef = 7F4ECC2C17C8062800BF1671 /* SideViewControllerBase.m */; };
		7F59AC5A17D3BA2900B87457 /* DataManager.m in Sources */ = {isa = PBXBuildFile; fileRef = 7F59AC5917D3BA2900B87457 /* DataManager.m */; };
		7F59AC5D17D3BA4700B87457 /* AutoModel.m in Sources */ = {isa = PBXBuildFile; fileRef = 7F59AC5C17D3BA4700B87457 /* AutoModel.m */; };
		7F59AC5F17D3C1F400B87457 /* libsqlite3.0.dylib in Frameworks */ = {isa = PBXBuildFile; fileRef = 7F59AC5E17D3C1F400B87457 /* libsqlite3.0.dylib */; };
		7F59AC6B17D3C20C00B87457 /* DBDefinition.m in Sources */ = {isa = PBXBuildFile; fileRef = 7F59AC6217D3C20C00B87457 /* DBDefinition.m */; };
		7F59AC6C17D3C20C00B87457 /* DbField.m in Sources */ = {isa = PBXBuildFile; fileRef = 7F59AC6417D3C20C00B87457 /* DbField.m */; };
		7F59AC6D17D3C20C00B87457 /* DbForeignKey.m in Sources */ = {isa = PBXBuildFile; fileRef = 7F59AC6617D3C20C00B87457 /* DbForeignKey.m */; };
		7F59AC6E17D3C20C00B87457 /* DbManager.m in Sources */ = {isa = PBXBuildFile; fileRef = 7F59AC6817D3C20C00B87457 /* DbManager.m */; };
		7F59AC6F17D3C20C00B87457 /* DbTable.m in Sources */ = {isa = PBXBuildFile; fileRef = 7F59AC6A17D3C20C00B87457 /* DbTable.m */; };
		7F59AC7217D3C88400B87457 /* bmw_256.png in Resources */ = {isa = PBXBuildFile; fileRef = 7F59AC7117D3C88400B87457 /* bmw_256.png */; };
		7F59AC7517D3C8CC00B87457 /* UserSettings.m in Sources */ = {isa = PBXBuildFile; fileRef = 7F59AC7417D3C8CC00B87457 /* UserSettings.m */; };
		7F59AC7817D3E67000B87457 /* Utils.m in Sources */ = {isa = PBXBuildFile; fileRef = 7F59AC7717D3E67000B87457 /* Utils.m */; };
		7F5AC64417CC000400C01658 /* SkinProvider.m in Sources */ = {isa = PBXBuildFile; fileRef = 7F5AC64317CC000400C01658 /* SkinProvider.m */; };
		7F5AC64D17CC06CE00C01658 /* Auto.m in Sources */ = {isa = PBXBuildFile; fileRef = 7F5AC64C17CC06CE00C01658 /* Auto.m */; };
		7F5BC05D17D12B8B00C6EFF3 /* SetDefault.m in Sources */ = {isa = PBXBuildFile; fileRef = 7F5BC05C17D12B8B00C6EFF3 /* SetDefault.m */; };
		7F70812017D0CE170094D759 /* SetDefault.xib in Resources */ = {isa = PBXBuildFile; fileRef = 7F70811D17D0CE170094D759 /* SetDefault.xib */; };
		7F70812117D0CE170094D759 /* SkinViewBase.m in Sources */ = {isa = PBXBuildFile; fileRef = 7F70811F17D0CE170094D759 /* SkinViewBase.m */; };
		7F72A06217D7AB000075FC0B /* CellModel.m in Sources */ = {isa = PBXBuildFile; fileRef = 7F72A06117D7AB000075FC0B /* CellModel.m */; };
		7F72A06517D7AED10075FC0B /* AutoSubmodel.m in Sources */ = {isa = PBXBuildFile; fileRef = 7F72A06417D7AED10075FC0B /* AutoSubmodel.m */; };
		7F72A06817D7B1390075FC0B /* SubmodelsVC.m in Sources */ = {isa = PBXBuildFile; fileRef = 7F72A06717D7B1390075FC0B /* SubmodelsVC.m */; };
		7F72A06B17D7B1E10075FC0B /* CellSubmodel.m in Sources */ = {isa = PBXBuildFile; fileRef = 7F72A06A17D7B1E10075FC0B /* CellSubmodel.m */; };
		7F7FF47017CF8634000E0ABD /* Location.m in Sources */ = {isa = PBXBuildFile; fileRef = 7F7FF46F17CF8634000E0ABD /* Location.m */; };
		7FB233B317D6773C003751B5 /* CellSelectedAuto.m in Sources */ = {isa = PBXBuildFile; fileRef = 7FB233B217D6773C003751B5 /* CellSelectedAuto.m */; };
		7FC4137517C7E8450025DD2C /* Foursquare2.m in Sources */ = {isa = PBXBuildFile; fileRef = 7FC4136C17C7E8450025DD2C /* Foursquare2.m */; };
		7FC4137617C7E8450025DD2C /* FSConverter.m in Sources */ = {isa = PBXBuildFile; fileRef = 7FC4136E17C7E8450025DD2C /* FSConverter.m */; };
		7FC4137717C7E8450025DD2C /* FSRequester.m in Sources */ = {isa = PBXBuildFile; fileRef = 7FC4137017C7E8450025DD2C /* FSRequester.m */; };
		7FC4137817C7E8450025DD2C /* FSTargetCallback.m in Sources */ = {isa = PBXBuildFile; fileRef = 7FC4137217C7E8450025DD2C /* FSTargetCallback.m */; };
		7FC4137917C7E8450025DD2C /* FSVenue.m in Sources */ = {isa = PBXBuildFile; fileRef = 7FC4137417C7E8450025DD2C /* FSVenue.m */; };
		7FC4137C17C7EFF70025DD2C /* LocationsVC.m in Sources */ = {isa = PBXBuildFile; fileRef = 7FC4137B17C7EFF70025DD2C /* LocationsVC.m */; };
		7FEF908917D505E800C07A05 /* AutosVC.m in Sources */ = {isa = PBXBuildFile; fileRef = 7FEF908817D505E800C07A05 /* AutosVC.m */; };
		7FF3389317D4C0E700B046C4 /* SkinsVC.m in Sources */ = {isa = PBXBuildFile; fileRef = 7FF3389217D4C0E700B046C4 /* SkinsVC.m */; };
		7FFFD7B717D0CF3400C833DE /* SkinSimple.m in Sources */ = {isa = PBXBuildFile; fileRef = 7FFFD7B617D0CF3400C833DE /* SkinSimple.m */; };
/* End PBXBuildFile section */

/* Begin PBXContainerItemProxy section */
		7F2767341791E80000A1C1A0 /* PBXContainerItemProxy */ = {
			isa = PBXContainerItemProxy;
			containerPortal = 7F2767061791E7FF00A1C1A0 /* Project object */;
			proxyType = 1;
			remoteGlobalIDString = 7F27670D1791E80000A1C1A0;
			remoteInfo = InstaCar;
		};
/* End PBXContainerItemProxy section */

/* Begin PBXFileReference section */
		7F1767A817C76CB800724BD6 /* AVFoundation.framework */ = {isa = PBXFileReference; lastKnownFileType = wrapper.framework; name = AVFoundation.framework; path = System/Library/Frameworks/AVFoundation.framework; sourceTree = SDKROOT; };
		7F1767AA17C76F0F00724BD6 /* CaptureSessionManager.h */ = {isa = PBXFileReference; fileEncoding = 4; lastKnownFileType = sourcecode.c.h; path = CaptureSessionManager.h; sourceTree = "<group>"; };
		7F1767AB17C76F0F00724BD6 /* CaptureSessionManager.m */ = {isa = PBXFileReference; fileEncoding = 4; lastKnownFileType = sourcecode.c.objc; path = CaptureSessionManager.m; sourceTree = "<group>"; };
		7F27670E1791E80000A1C1A0 /* InstaCar.app */ = {isa = PBXFileReference; explicitFileType = wrapper.application; includeInIndex = 0; path = InstaCar.app; sourceTree = BUILT_PRODUCTS_DIR; };
		7F2767111791E80000A1C1A0 /* Foundation.framework */ = {isa = PBXFileReference; lastKnownFileType = wrapper.framework; name = Foundation.framework; path = System/Library/Frameworks/Foundation.framework; sourceTree = SDKROOT; };
		7F2767131791E80000A1C1A0 /* CoreGraphics.framework */ = {isa = PBXFileReference; lastKnownFileType = wrapper.framework; name = CoreGraphics.framework; path = System/Library/Frameworks/CoreGraphics.framework; sourceTree = SDKROOT; };
		7F2767151791E80000A1C1A0 /* UIKit.framework */ = {isa = PBXFileReference; lastKnownFileType = wrapper.framework; name = UIKit.framework; path = System/Library/Frameworks/UIKit.framework; sourceTree = SDKROOT; };
		7F2767191791E80000A1C1A0 /* InstaCar-Info.plist */ = {isa = PBXFileReference; lastKnownFileType = text.plist.xml; path = "InstaCar-Info.plist"; sourceTree = "<group>"; };
		7F27671B1791E80000A1C1A0 /* en */ = {isa = PBXFileReference; lastKnownFileType = text.plist.strings; name = en; path = en.lproj/InfoPlist.strings; sourceTree = "<group>"; };
		7F27671D1791E80000A1C1A0 /* main.m */ = {isa = PBXFileReference; lastKnownFileType = sourcecode.c.objc; path = main.m; sourceTree = "<group>"; };
		7F27671F1791E80000A1C1A0 /* InstaCar-Prefix.pch */ = {isa = PBXFileReference; lastKnownFileType = sourcecode.c.h; path = "InstaCar-Prefix.pch"; sourceTree = "<group>"; };
		7F2767201791E80000A1C1A0 /* AppDelegate.h */ = {isa = PBXFileReference; lastKnownFileType = sourcecode.c.h; path = AppDelegate.h; sourceTree = "<group>"; };
		7F2767211791E80000A1C1A0 /* AppDelegate.m */ = {isa = PBXFileReference; lastKnownFileType = sourcecode.c.objc; path = AppDelegate.m; sourceTree = "<group>"; };
		7F2767291791E80000A1C1A0 /* Images.xcassets */ = {isa = PBXFileReference; lastKnownFileType = folder.assetcatalog; path = Images.xcassets; sourceTree = "<group>"; };
		7F27672F1791E80000A1C1A0 /* InstaCarTests.xctest */ = {isa = PBXFileReference; explicitFileType = wrapper.cfbundle; includeInIndex = 0; path = InstaCarTests.xctest; sourceTree = BUILT_PRODUCTS_DIR; };
		7F2767301791E80000A1C1A0 /* XCTest.framework */ = {isa = PBXFileReference; lastKnownFileType = wrapper.framework; name = XCTest.framework; path = Library/Frameworks/XCTest.framework; sourceTree = DEVELOPER_DIR; };
		7F2767381791E80000A1C1A0 /* InstaCarTests-Info.plist */ = {isa = PBXFileReference; lastKnownFileType = text.plist.xml; path = "InstaCarTests-Info.plist"; sourceTree = "<group>"; };
		7F27673A1791E80000A1C1A0 /* en */ = {isa = PBXFileReference; lastKnownFileType = text.plist.strings; name = en; path = en.lproj/InfoPlist.strings; sourceTree = "<group>"; };
		7F27673C1791E80000A1C1A0 /* InstaCarTests.m */ = {isa = PBXFileReference; lastKnownFileType = sourcecode.c.objc; path = InstaCarTests.m; sourceTree = "<group>"; };
		7F3106C817D7A9DD0057FCBE /* ModelsVC.h */ = {isa = PBXFileReference; fileEncoding = 4; lastKnownFileType = sourcecode.c.h; name = ModelsVC.h; path = InstaCar/ModelsVC.h; sourceTree = "<group>"; };
		7F3106C917D7A9DD0057FCBE /* ModelsVC.m */ = {isa = PBXFileReference; fileEncoding = 4; lastKnownFileType = sourcecode.c.objc; name = ModelsVC.m; path = InstaCar/ModelsVC.m; sourceTree = "<group>"; };
		7F3871D217BE4B7900D8E39D /* main.storyboard */ = {isa = PBXFileReference; fileEncoding = 4; lastKnownFileType = file.storyboard; path = main.storyboard; sourceTree = "<group>"; };
		7F3871D417BE4CA900D8E39D /* MainNavController.h */ = {isa = PBXFileReference; fileEncoding = 4; lastKnownFileType = sourcecode.c.h; path = MainNavController.h; sourceTree = "<group>"; };
		7F3871D517BE4CA900D8E39D /* MainNavController.m */ = {isa = PBXFileReference; fileEncoding = 4; lastKnownFileType = sourcecode.c.objc; path = MainNavController.m; sourceTree = "<group>"; };
		7F3871D717BE4D4C00D8E39D /* MainVC.h */ = {isa = PBXFileReference; fileEncoding = 4; lastKnownFileType = sourcecode.c.h; path = MainVC.h; sourceTree = "<group>"; };
		7F3871D817BE4D4C00D8E39D /* MainVC.m */ = {isa = PBXFileReference; fileEncoding = 4; lastKnownFileType = sourcecode.c.objc; path = MainVC.m; sourceTree = "<group>"; };
		7F3871DC17BE4F1000D8E39D /* DDMenuController.h */ = {isa = PBXFileReference; fileEncoding = 4; lastKnownFileType = sourcecode.c.h; path = DDMenuController.h; sourceTree = "<group>"; };
		7F3871DD17BE4F1000D8E39D /* DDMenuController.m */ = {isa = PBXFileReference; fileEncoding = 4; lastKnownFileType = sourcecode.c.objc; path = DDMenuController.m; sourceTree = "<group>"; };
		7F3871DF17BE5A4F00D8E39D /* AppMenuTableVC.h */ = {isa = PBXFileReference; fileEncoding = 4; lastKnownFileType = sourcecode.c.h; path = AppMenuTableVC.h; sourceTree = "<group>"; };
		7F3871E017BE5A4F00D8E39D /* AppMenuTableVC.m */ = {isa = PBXFileReference; fileEncoding = 4; lastKnownFileType = sourcecode.c.objc; path = AppMenuTableVC.m; sourceTree = "<group>"; };
		7F419E2517D65EBB00255E56 /* CellSkinSet.h */ = {isa = PBXFileReference; fileEncoding = 4; lastKnownFileType = sourcecode.c.h; name = CellSkinSet.h; path = InstaCar/TableCells/CellSkinSet.h; sourceTree = "<group>"; };
		7F419E2617D65EBB00255E56 /* CellSkinSet.m */ = {isa = PBXFileReference; fileEncoding = 4; lastKnownFileType = sourcecode.c.objc; name = CellSkinSet.m; path = InstaCar/TableCells/CellSkinSet.m; sourceTree = "<group>"; };
		7F419E2B17D6698000255E56 /* CellAuto.h */ = {isa = PBXFileReference; fileEncoding = 4; lastKnownFileType = sourcecode.c.h; name = CellAuto.h; path = InstaCar/TableCells/CellAuto.h; sourceTree = "<group>"; };
		7F419E2C17D6698000255E56 /* CellAuto.m */ = {isa = PBXFileReference; fileEncoding = 4; lastKnownFileType = sourcecode.c.objc; name = CellAuto.m; path = InstaCar/TableCells/CellAuto.m; sourceTree = "<group>"; };
		7F4ECC2917C7F8C200BF1671 /* CoreLocation.framework */ = {isa = PBXFileReference; lastKnownFileType = wrapper.framework; name = CoreLocation.framework; path = System/Library/Frameworks/CoreLocation.framework; sourceTree = SDKROOT; };
		7F4ECC2B17C8062800BF1671 /* SideViewControllerBase.h */ = {isa = PBXFileReference; fileEncoding = 4; lastKnownFileType = sourcecode.c.h; path = SideViewControllerBase.h; sourceTree = "<group>"; };
		7F4ECC2C17C8062800BF1671 /* SideViewControllerBase.m */ = {isa = PBXFileReference; fileEncoding = 4; lastKnownFileType = sourcecode.c.objc; path = SideViewControllerBase.m; sourceTree = "<group>"; };
		7F59AC5817D3BA2900B87457 /* DataManager.h */ = {isa = PBXFileReference; fileEncoding = 4; lastKnownFileType = sourcecode.c.h; name = DataManager.h; path = InstaCar/Data/DataManager.h; sourceTree = "<group>"; };
		7F59AC5917D3BA2900B87457 /* DataManager.m */ = {isa = PBXFileReference; fileEncoding = 4; lastKnownFileType = sourcecode.c.objc; name = DataManager.m; path = InstaCar/Data/DataManager.m; sourceTree = "<group>"; };
		7F59AC5B17D3BA4700B87457 /* AutoModel.h */ = {isa = PBXFileReference; fileEncoding = 4; lastKnownFileType = sourcecode.c.h; name = AutoModel.h; path = InstaCar/Data/AutoModel.h; sourceTree = "<group>"; };
		7F59AC5C17D3BA4700B87457 /* AutoModel.m */ = {isa = PBXFileReference; fileEncoding = 4; lastKnownFileType = sourcecode.c.objc; name = AutoModel.m; path = InstaCar/Data/AutoModel.m; sourceTree = "<group>"; };
		7F59AC5E17D3C1F400B87457 /* libsqlite3.0.dylib */ = {isa = PBXFileReference; lastKnownFileType = "compiled.mach-o.dylib"; name = libsqlite3.0.dylib; path = usr/lib/libsqlite3.0.dylib; sourceTree = SDKROOT; };
		7F59AC6117D3C20C00B87457 /* DBDefinition.h */ = {isa = PBXFileReference; fileEncoding = 4; lastKnownFileType = sourcecode.c.h; path = DBDefinition.h; sourceTree = "<group>"; };
		7F59AC6217D3C20C00B87457 /* DBDefinition.m */ = {isa = PBXFileReference; fileEncoding = 4; lastKnownFileType = sourcecode.c.objc; path = DBDefinition.m; sourceTree = "<group>"; };
		7F59AC6317D3C20C00B87457 /* DbField.h */ = {isa = PBXFileReference; fileEncoding = 4; lastKnownFileType = sourcecode.c.h; path = DbField.h; sourceTree = "<group>"; };
		7F59AC6417D3C20C00B87457 /* DbField.m */ = {isa = PBXFileReference; fileEncoding = 4; lastKnownFileType = sourcecode.c.objc; path = DbField.m; sourceTree = "<group>"; };
		7F59AC6517D3C20C00B87457 /* DbForeignKey.h */ = {isa = PBXFileReference; fileEncoding = 4; lastKnownFileType = sourcecode.c.h; path = DbForeignKey.h; sourceTree = "<group>"; };
		7F59AC6617D3C20C00B87457 /* DbForeignKey.m */ = {isa = PBXFileReference; fileEncoding = 4; lastKnownFileType = sourcecode.c.objc; path = DbForeignKey.m; sourceTree = "<group>"; };
		7F59AC6717D3C20C00B87457 /* DbManager.h */ = {isa = PBXFileReference; fileEncoding = 4; lastKnownFileType = sourcecode.c.h; path = DbManager.h; sourceTree = "<group>"; };
		7F59AC6817D3C20C00B87457 /* DbManager.m */ = {isa = PBXFileReference; fileEncoding = 4; lastKnownFileType = sourcecode.c.objc; path = DbManager.m; sourceTree = "<group>"; };
		7F59AC6917D3C20C00B87457 /* DbTable.h */ = {isa = PBXFileReference; fileEncoding = 4; lastKnownFileType = sourcecode.c.h; path = DbTable.h; sourceTree = "<group>"; };
		7F59AC6A17D3C20C00B87457 /* DbTable.m */ = {isa = PBXFileReference; fileEncoding = 4; lastKnownFileType = sourcecode.c.objc; path = DbTable.m; sourceTree = "<group>"; };
		7F59AC7117D3C88400B87457 /* bmw_256.png */ = {isa = PBXFileReference; lastKnownFileType = image.png; path = bmw_256.png; sourceTree = "<group>"; };
		7F59AC7317D3C8CC00B87457 /* UserSettings.h */ = {isa = PBXFileReference; fileEncoding = 4; lastKnownFileType = sourcecode.c.h; name = UserSettings.h; path = InstaCar/Data/UserSettings.h; sourceTree = "<group>"; };
		7F59AC7417D3C8CC00B87457 /* UserSettings.m */ = {isa = PBXFileReference; fileEncoding = 4; lastKnownFileType = sourcecode.c.objc; name = UserSettings.m; path = InstaCar/Data/UserSettings.m; sourceTree = "<group>"; };
		7F59AC7617D3E67000B87457 /* Utils.h */ = {isa = PBXFileReference; fileEncoding = 4; lastKnownFileType = sourcecode.c.h; name = Utils.h; path = InstaCar/Data/Utils.h; sourceTree = "<group>"; };
		7F59AC7717D3E67000B87457 /* Utils.m */ = {isa = PBXFileReference; fileEncoding = 4; lastKnownFileType = sourcecode.c.objc; name = Utils.m; path = InstaCar/Data/Utils.m; sourceTree = "<group>"; };
		7F5AC64217CC000400C01658 /* SkinProvider.h */ = {isa = PBXFileReference; fileEncoding = 4; lastKnownFileType = sourcecode.c.h; name = SkinProvider.h; path = InstaCar/Data/SkinProvider.h; sourceTree = "<group>"; };
		7F5AC64317CC000400C01658 /* SkinProvider.m */ = {isa = PBXFileReference; fileEncoding = 4; lastKnownFileType = sourcecode.c.objc; name = SkinProvider.m; path = InstaCar/Data/SkinProvider.m; sourceTree = "<group>"; };
		7F5AC64B17CC06CE00C01658 /* Auto.h */ = {isa = PBXFileReference; fileEncoding = 4; lastKnownFileType = sourcecode.c.h; name = Auto.h; path = InstaCar/Data/Auto.h; sourceTree = "<group>"; };
		7F5AC64C17CC06CE00C01658 /* Auto.m */ = {isa = PBXFileReference; fileEncoding = 4; lastKnownFileType = sourcecode.c.objc; name = Auto.m; path = InstaCar/Data/Auto.m; sourceTree = "<group>"; };
		7F5BC05B17D12B8B00C6EFF3 /* SetDefault.h */ = {isa = PBXFileReference; fileEncoding = 4; lastKnownFileType = sourcecode.c.h; path = SetDefault.h; sourceTree = "<group>"; };
		7F5BC05C17D12B8B00C6EFF3 /* SetDefault.m */ = {isa = PBXFileReference; fileEncoding = 4; lastKnownFileType = sourcecode.c.objc; path = SetDefault.m; sourceTree = "<group>"; };
		7F70811D17D0CE170094D759 /* SetDefault.xib */ = {isa = PBXFileReference; fileEncoding = 4; lastKnownFileType = file.xib; path = SetDefault.xib; sourceTree = "<group>"; };
		7F70811E17D0CE170094D759 /* SkinViewBase.h */ = {isa = PBXFileReference; fileEncoding = 4; lastKnownFileType = sourcecode.c.h; path = SkinViewBase.h; sourceTree = "<group>"; };
		7F70811F17D0CE170094D759 /* SkinViewBase.m */ = {isa = PBXFileReference; fileEncoding = 4; lastKnownFileType = sourcecode.c.objc; path = SkinViewBase.m; sourceTree = "<group>"; };
		7F72A06017D7AB000075FC0B /* CellModel.h */ = {isa = PBXFileReference; fileEncoding = 4; lastKnownFileType = sourcecode.c.h; name = CellModel.h; path = InstaCar/TableCells/CellModel.h; sourceTree = "<group>"; };
		7F72A06117D7AB000075FC0B /* CellModel.m */ = {isa = PBXFileReference; fileEncoding = 4; lastKnownFileType = sourcecode.c.objc; name = CellModel.m; path = InstaCar/TableCells/CellModel.m; sourceTree = "<group>"; };
		7F72A06317D7AED10075FC0B /* AutoSubmodel.h */ = {isa = PBXFileReference; fileEncoding = 4; lastKnownFileType = sourcecode.c.h; name = AutoSubmodel.h; path = InstaCar/Data/AutoSubmodel.h; sourceTree = "<group>"; };
		7F72A06417D7AED10075FC0B /* AutoSubmodel.m */ = {isa = PBXFileReference; fileEncoding = 4; lastKnownFileType = sourcecode.c.objc; name = AutoSubmodel.m; path = InstaCar/Data/AutoSubmodel.m; sourceTree = "<group>"; };
		7F72A06617D7B1380075FC0B /* SubmodelsVC.h */ = {isa = PBXFileReference; fileEncoding = 4; lastKnownFileType = sourcecode.c.h; name = SubmodelsVC.h; path = InstaCar/SubmodelsVC.h; sourceTree = "<group>"; };
		7F72A06717D7B1390075FC0B /* SubmodelsVC.m */ = {isa = PBXFileReference; fileEncoding = 4; lastKnownFileType = sourcecode.c.objc; name = SubmodelsVC.m; path = InstaCar/SubmodelsVC.m; sourceTree = "<group>"; };
		7F72A06917D7B1E10075FC0B /* CellSubmodel.h */ = {isa = PBXFileReference; fileEncoding = 4; lastKnownFileType = sourcecode.c.h; name = CellSubmodel.h; path = InstaCar/TableCells/CellSubmodel.h; sourceTree = "<group>"; };
		7F72A06A17D7B1E10075FC0B /* CellSubmodel.m */ = {isa = PBXFileReference; fileEncoding = 4; lastKnownFileType = sourcecode.c.objc; name = CellSubmodel.m; path = InstaCar/TableCells/CellSubmodel.m; sourceTree = "<group>"; };
		7F7FF46E17CF8634000E0ABD /* Location.h */ = {isa = PBXFileReference; fileEncoding = 4; lastKnownFileType = sourcecode.c.h; name = Location.h; path = InstaCar/Data/Location.h; sourceTree = "<group>"; };
		7F7FF46F17CF8634000E0ABD /* Location.m */ = {isa = PBXFileReference; fileEncoding = 4; lastKnownFileType = sourcecode.c.objc; name = Location.m; path = InstaCar/Data/Location.m; sourceTree = "<group>"; };
		7FB233B117D6773C003751B5 /* CellSelectedAuto.h */ = {isa = PBXFileReference; fileEncoding = 4; lastKnownFileType = sourcecode.c.h; name = CellSelectedAuto.h; path = InstaCar/TableCells/CellSelectedAuto.h; sourceTree = "<group>"; };
		7FB233B217D6773C003751B5 /* CellSelectedAuto.m */ = {isa = PBXFileReference; fileEncoding = 4; lastKnownFileType = sourcecode.c.objc; name = CellSelectedAuto.m; path = InstaCar/TableCells/CellSelectedAuto.m; sourceTree = "<group>"; };
		7FC4136B17C7E8450025DD2C /* Foursquare2.h */ = {isa = PBXFileReference; fileEncoding = 4; lastKnownFileType = sourcecode.c.h; path = Foursquare2.h; sourceTree = "<group>"; };
		7FC4136C17C7E8450025DD2C /* Foursquare2.m */ = {isa = PBXFileReference; fileEncoding = 4; lastKnownFileType = sourcecode.c.objc; path = Foursquare2.m; sourceTree = "<group>"; };
		7FC4136D17C7E8450025DD2C /* FSConverter.h */ = {isa = PBXFileReference; fileEncoding = 4; lastKnownFileType = sourcecode.c.h; path = FSConverter.h; sourceTree = "<group>"; };
		7FC4136E17C7E8450025DD2C /* FSConverter.m */ = {isa = PBXFileReference; fileEncoding = 4; lastKnownFileType = sourcecode.c.objc; path = FSConverter.m; sourceTree = "<group>"; };
		7FC4136F17C7E8450025DD2C /* FSRequester.h */ = {isa = PBXFileReference; fileEncoding = 4; lastKnownFileType = sourcecode.c.h; path = FSRequester.h; sourceTree = "<group>"; };
		7FC4137017C7E8450025DD2C /* FSRequester.m */ = {isa = PBXFileReference; fileEncoding = 4; lastKnownFileType = sourcecode.c.objc; path = FSRequester.m; sourceTree = "<group>"; };
		7FC4137117C7E8450025DD2C /* FSTargetCallback.h */ = {isa = PBXFileReference; fileEncoding = 4; lastKnownFileType = sourcecode.c.h; path = FSTargetCallback.h; sourceTree = "<group>"; };
		7FC4137217C7E8450025DD2C /* FSTargetCallback.m */ = {isa = PBXFileReference; fileEncoding = 4; lastKnownFileType = sourcecode.c.objc; path = FSTargetCallback.m; sourceTree = "<group>"; };
		7FC4137317C7E8450025DD2C /* FSVenue.h */ = {isa = PBXFileReference; fileEncoding = 4; lastKnownFileType = sourcecode.c.h; path = FSVenue.h; sourceTree = "<group>"; };
		7FC4137417C7E8450025DD2C /* FSVenue.m */ = {isa = PBXFileReference; fileEncoding = 4; lastKnownFileType = sourcecode.c.objc; path = FSVenue.m; sourceTree = "<group>"; };
		7FC4137A17C7EFF70025DD2C /* LocationsVC.h */ = {isa = PBXFileReference; fileEncoding = 4; lastKnownFileType = sourcecode.c.h; path = LocationsVC.h; sourceTree = "<group>"; };
		7FC4137B17C7EFF70025DD2C /* LocationsVC.m */ = {isa = PBXFileReference; fileEncoding = 4; lastKnownFileType = sourcecode.c.objc; path = LocationsVC.m; sourceTree = "<group>"; };
		7FEF908717D505E800C07A05 /* AutosVC.h */ = {isa = PBXFileReference; fileEncoding = 4; lastKnownFileType = sourcecode.c.h; name = AutosVC.h; path = InstaCar/AutosVC.h; sourceTree = "<group>"; };
		7FEF908817D505E800C07A05 /* AutosVC.m */ = {isa = PBXFileReference; fileEncoding = 4; lastKnownFileType = sourcecode.c.objc; name = AutosVC.m; path = InstaCar/AutosVC.m; sourceTree = "<group>"; };
		7FF3389117D4C0E700B046C4 /* SkinsVC.h */ = {isa = PBXFileReference; fileEncoding = 4; lastKnownFileType = sourcecode.c.h; name = SkinsVC.h; path = InstaCar/SkinsVC.h; sourceTree = "<group>"; };
		7FF3389217D4C0E700B046C4 /* SkinsVC.m */ = {isa = PBXFileReference; fileEncoding = 4; lastKnownFileType = sourcecode.c.objc; name = SkinsVC.m; path = InstaCar/SkinsVC.m; sourceTree = "<group>"; };
		7FFFD7B517D0CF3400C833DE /* SkinSimple.h */ = {isa = PBXFileReference; fileEncoding = 4; lastKnownFileType = sourcecode.c.h; path = SkinSimple.h; sourceTree = "<group>"; };
		7FFFD7B617D0CF3400C833DE /* SkinSimple.m */ = {isa = PBXFileReference; fileEncoding = 4; lastKnownFileType = sourcecode.c.objc; path = SkinSimple.m; sourceTree = "<group>"; };
/* End PBXFileReference section */

/* Begin PBXFrameworksBuildPhase section */
		7F27670B1791E80000A1C1A0 /* Frameworks */ = {
			isa = PBXFrameworksBuildPhase;
			buildActionMask = 2147483647;
			files = (
				7F59AC5F17D3C1F400B87457 /* libsqlite3.0.dylib in Frameworks */,
				7F4ECC2A17C7F8C200BF1671 /* CoreLocation.framework in Frameworks */,
				7F1767A917C76CB800724BD6 /* AVFoundation.framework in Frameworks */,
				7F2767141791E80000A1C1A0 /* CoreGraphics.framework in Frameworks */,
				7F2767161791E80000A1C1A0 /* UIKit.framework in Frameworks */,
				7F2767121791E80000A1C1A0 /* Foundation.framework in Frameworks */,
			);
			runOnlyForDeploymentPostprocessing = 0;
		};
		7F27672C1791E80000A1C1A0 /* Frameworks */ = {
			isa = PBXFrameworksBuildPhase;
			buildActionMask = 2147483647;
			files = (
				7F2767311791E80000A1C1A0 /* XCTest.framework in Frameworks */,
				7F2767331791E80000A1C1A0 /* UIKit.framework in Frameworks */,
				7F2767321791E80000A1C1A0 /* Foundation.framework in Frameworks */,
			);
			runOnlyForDeploymentPostprocessing = 0;
		};
/* End PBXFrameworksBuildPhase section */

/* Begin PBXGroup section */
		7F2767051791E7FF00A1C1A0 = {
			isa = PBXGroup;
			children = (
				7F3871DB17BE4F1000D8E39D /* CustomControls */,
				7F59AC6017D3C20C00B87457 /* Database */,
				7F70811C17D0CE170094D759 /* Skins */,
				7F5AC64117CBFFDD00C01658 /* Data */,
				7F2767171791E80000A1C1A0 /* InstaCar */,
				7F2767361791E80000A1C1A0 /* InstaCarTests */,
				7F2767101791E80000A1C1A0 /* Frameworks */,
				7F27670F1791E80000A1C1A0 /* Products */,
			);
			sourceTree = "<group>";
		};
		7F27670F1791E80000A1C1A0 /* Products */ = {
			isa = PBXGroup;
			children = (
				7F27670E1791E80000A1C1A0 /* InstaCar.app */,
				7F27672F1791E80000A1C1A0 /* InstaCarTests.xctest */,
			);
			name = Products;
			sourceTree = "<group>";
		};
		7F2767101791E80000A1C1A0 /* Frameworks */ = {
			isa = PBXGroup;
			children = (
				7F59AC5E17D3C1F400B87457 /* libsqlite3.0.dylib */,
				7F4ECC2917C7F8C200BF1671 /* CoreLocation.framework */,
				7F1767A817C76CB800724BD6 /* AVFoundation.framework */,
				7F2767111791E80000A1C1A0 /* Foundation.framework */,
				7F2767131791E80000A1C1A0 /* CoreGraphics.framework */,
				7F2767151791E80000A1C1A0 /* UIKit.framework */,
				7F2767301791E80000A1C1A0 /* XCTest.framework */,
			);
			name = Frameworks;
			sourceTree = "<group>";
		};
		7F2767171791E80000A1C1A0 /* InstaCar */ = {
			isa = PBXGroup;
			children = (
				7F419E1D17D6549C00255E56 /* TableCells */,
				7F3871D217BE4B7900D8E39D /* main.storyboard */,
				7F3871D417BE4CA900D8E39D /* MainNavController.h */,
				7F3871D517BE4CA900D8E39D /* MainNavController.m */,
				7F3871D717BE4D4C00D8E39D /* MainVC.h */,
				7F3871D817BE4D4C00D8E39D /* MainVC.m */,
				7F4ECC2B17C8062800BF1671 /* SideViewControllerBase.h */,
				7F4ECC2C17C8062800BF1671 /* SideViewControllerBase.m */,
				7F3871DF17BE5A4F00D8E39D /* AppMenuTableVC.h */,
				7F3871E017BE5A4F00D8E39D /* AppMenuTableVC.m */,
				7FC4137A17C7EFF70025DD2C /* LocationsVC.h */,
				7FC4137B17C7EFF70025DD2C /* LocationsVC.m */,
				7FF3389117D4C0E700B046C4 /* SkinsVC.h */,
				7FF3389217D4C0E700B046C4 /* SkinsVC.m */,
				7FEF908717D505E800C07A05 /* AutosVC.h */,
				7FEF908817D505E800C07A05 /* AutosVC.m */,
				7F3106C817D7A9DD0057FCBE /* ModelsVC.h */,
				7F3106C917D7A9DD0057FCBE /* ModelsVC.m */,
				7F72A06617D7B1380075FC0B /* SubmodelsVC.h */,
				7F72A06717D7B1390075FC0B /* SubmodelsVC.m */,
				7F2767291791E80000A1C1A0 /* Images.xcassets */,
				7F2767181791E80000A1C1A0 /* Supporting Files */,
			);
			path = InstaCar;
			sourceTree = "<group>";
		};
		7F2767181791E80000A1C1A0 /* Supporting Files */ = {
			isa = PBXGroup;
			children = (
				7F2767201791E80000A1C1A0 /* AppDelegate.h */,
				7F2767211791E80000A1C1A0 /* AppDelegate.m */,
				7F2767191791E80000A1C1A0 /* InstaCar-Info.plist */,
				7F27671A1791E80000A1C1A0 /* InfoPlist.strings */,
				7F27671D1791E80000A1C1A0 /* main.m */,
				7F27671F1791E80000A1C1A0 /* InstaCar-Prefix.pch */,
			);
			name = "Supporting Files";
			sourceTree = "<group>";
		};
		7F2767361791E80000A1C1A0 /* InstaCarTests */ = {
			isa = PBXGroup;
			children = (
				7F27673C1791E80000A1C1A0 /* InstaCarTests.m */,
				7F2767371791E80000A1C1A0 /* Supporting Files */,
			);
			path = InstaCarTests;
			sourceTree = "<group>";
		};
		7F2767371791E80000A1C1A0 /* Supporting Files */ = {
			isa = PBXGroup;
			children = (
				7F2767381791E80000A1C1A0 /* InstaCarTests-Info.plist */,
				7F2767391791E80000A1C1A0 /* InfoPlist.strings */,
			);
			name = "Supporting Files";
			sourceTree = "<group>";
		};
		7F3871DB17BE4F1000D8E39D /* CustomControls */ = {
			isa = PBXGroup;
			children = (
				7FC4136A17C7E8450025DD2C /* Foursquare */,
				7F1767AA17C76F0F00724BD6 /* CaptureSessionManager.h */,
				7F1767AB17C76F0F00724BD6 /* CaptureSessionManager.m */,
				7F3871DC17BE4F1000D8E39D /* DDMenuController.h */,
				7F3871DD17BE4F1000D8E39D /* DDMenuController.m */,
			);
			name = CustomControls;
			path = InstaCar/CustomControls;
			sourceTree = "<group>";
		};
		7F419E1D17D6549C00255E56 /* TableCells */ = {
			isa = PBXGroup;
			children = (
				7F72A06917D7B1E10075FC0B /* CellSubmodel.h */,
				7F72A06A17D7B1E10075FC0B /* CellSubmodel.m */,
				7F72A06017D7AB000075FC0B /* CellModel.h */,
				7F72A06117D7AB000075FC0B /* CellModel.m */,
				7F419E2517D65EBB00255E56 /* CellSkinSet.h */,
				7F419E2617D65EBB00255E56 /* CellSkinSet.m */,
				7F419E2B17D6698000255E56 /* CellAuto.h */,
				7F419E2C17D6698000255E56 /* CellAuto.m */,
				7FB233B117D6773C003751B5 /* CellSelectedAuto.h */,
				7FB233B217D6773C003751B5 /* CellSelectedAuto.m */,
			);
			name = TableCells;
			sourceTree = "<group>";
		};
		7F59AC6017D3C20C00B87457 /* Database */ = {
			isa = PBXGroup;
			children = (
				7F59AC6117D3C20C00B87457 /* DBDefinition.h */,
				7F59AC6217D3C20C00B87457 /* DBDefinition.m */,
				7F59AC6317D3C20C00B87457 /* DbField.h */,
				7F59AC6417D3C20C00B87457 /* DbField.m */,
				7F59AC6517D3C20C00B87457 /* DbForeignKey.h */,
				7F59AC6617D3C20C00B87457 /* DbForeignKey.m */,
				7F59AC6717D3C20C00B87457 /* DbManager.h */,
				7F59AC6817D3C20C00B87457 /* DbManager.m */,
				7F59AC6917D3C20C00B87457 /* DbTable.h */,
				7F59AC6A17D3C20C00B87457 /* DbTable.m */,
			);
			name = Database;
			path = InstaCar/Database;
			sourceTree = "<group>";
		};
		7F59AC7017D3C88400B87457 /* AutoLogos */ = {
			isa = PBXGroup;
			children = (
				7F59AC7117D3C88400B87457 /* bmw_256.png */,
			);
			name = AutoLogos;
			path = InstaCar/Data/AutoLogos;
			sourceTree = "<group>";
		};
		7F5AC64117CBFFDD00C01658 /* Data */ = {
			isa = PBXGroup;
			children = (
				7F59AC7017D3C88400B87457 /* AutoLogos */,
				7F5AC64217CC000400C01658 /* SkinProvider.h */,
				7F5AC64317CC000400C01658 /* SkinProvider.m */,
				7F5AC64B17CC06CE00C01658 /* Auto.h */,
				7F5AC64C17CC06CE00C01658 /* Auto.m */,
				7F59AC5B17D3BA4700B87457 /* AutoModel.h */,
				7F59AC5C17D3BA4700B87457 /* AutoModel.m */,
				7F72A06317D7AED10075FC0B /* AutoSubmodel.h */,
				7F72A06417D7AED10075FC0B /* AutoSubmodel.m */,
				7F7FF46E17CF8634000E0ABD /* Location.h */,
				7F7FF46F17CF8634000E0ABD /* Location.m */,
				7F59AC5817D3BA2900B87457 /* DataManager.h */,
				7F59AC5917D3BA2900B87457 /* DataManager.m */,
				7F59AC7317D3C8CC00B87457 /* UserSettings.h */,
				7F59AC7417D3C8CC00B87457 /* UserSettings.m */,
				7F59AC7617D3E67000B87457 /* Utils.h */,
				7F59AC7717D3E67000B87457 /* Utils.m */,
			);
			name = Data;
			sourceTree = "<group>";
		};
		7F70811C17D0CE170094D759 /* Skins */ = {
			isa = PBXGroup;
			children = (
				7F70811D17D0CE170094D759 /* SetDefault.xib */,
				7F70811E17D0CE170094D759 /* SkinViewBase.h */,
				7F70811F17D0CE170094D759 /* SkinViewBase.m */,
				7FFFD7B517D0CF3400C833DE /* SkinSimple.h */,
				7FFFD7B617D0CF3400C833DE /* SkinSimple.m */,
				7F5BC05B17D12B8B00C6EFF3 /* SetDefault.h */,
				7F5BC05C17D12B8B00C6EFF3 /* SetDefault.m */,
			);
			name = Skins;
			path = InstaCar/Data/Skins;
			sourceTree = "<group>";
		};
		7FC4136A17C7E8450025DD2C /* Foursquare */ = {
			isa = PBXGroup;
			children = (
				7FC4136B17C7E8450025DD2C /* Foursquare2.h */,
				7FC4136C17C7E8450025DD2C /* Foursquare2.m */,
				7FC4136D17C7E8450025DD2C /* FSConverter.h */,
				7FC4136E17C7E8450025DD2C /* FSConverter.m */,
				7FC4136F17C7E8450025DD2C /* FSRequester.h */,
				7FC4137017C7E8450025DD2C /* FSRequester.m */,
				7FC4137117C7E8450025DD2C /* FSTargetCallback.h */,
				7FC4137217C7E8450025DD2C /* FSTargetCallback.m */,
				7FC4137317C7E8450025DD2C /* FSVenue.h */,
				7FC4137417C7E8450025DD2C /* FSVenue.m */,
			);
			path = Foursquare;
			sourceTree = "<group>";
		};
/* End PBXGroup section */

/* Begin PBXNativeTarget section */
		7F27670D1791E80000A1C1A0 /* InstaCar */ = {
			isa = PBXNativeTarget;
			buildConfigurationList = 7F2767401791E80000A1C1A0 /* Build configuration list for PBXNativeTarget "InstaCar" */;
			buildPhases = (
				7F27670A1791E80000A1C1A0 /* Sources */,
				7F27670B1791E80000A1C1A0 /* Frameworks */,
				7F27670C1791E80000A1C1A0 /* Resources */,
			);
			buildRules = (
			);
			dependencies = (
			);
			name = InstaCar;
			productName = InstaCar;
			productReference = 7F27670E1791E80000A1C1A0 /* InstaCar.app */;
			productType = "com.apple.product-type.application";
		};
		7F27672E1791E80000A1C1A0 /* InstaCarTests */ = {
			isa = PBXNativeTarget;
			buildConfigurationList = 7F2767431791E80000A1C1A0 /* Build configuration list for PBXNativeTarget "InstaCarTests" */;
			buildPhases = (
				7F27672B1791E80000A1C1A0 /* Sources */,
				7F27672C1791E80000A1C1A0 /* Frameworks */,
				7F27672D1791E80000A1C1A0 /* Resources */,
			);
			buildRules = (
			);
			dependencies = (
				7F2767351791E80000A1C1A0 /* PBXTargetDependency */,
			);
			name = InstaCarTests;
			productName = InstaCarTests;
			productReference = 7F27672F1791E80000A1C1A0 /* InstaCarTests.xctest */;
			productType = "com.apple.product-type.bundle.unit-test";
		};
/* End PBXNativeTarget section */

/* Begin PBXProject section */
		7F2767061791E7FF00A1C1A0 /* Project object */ = {
			isa = PBXProject;
			attributes = {
				LastUpgradeCheck = 0500;
				ORGANIZATIONNAME = "Viktor Sydorenko";
				TargetAttributes = {
					7F27672E1791E80000A1C1A0 = {
						TestTargetID = 7F27670D1791E80000A1C1A0;
					};
				};
			};
			buildConfigurationList = 7F2767091791E7FF00A1C1A0 /* Build configuration list for PBXProject "InstaCar" */;
			compatibilityVersion = "Xcode 3.2";
			developmentRegion = English;
			hasScannedForEncodings = 0;
			knownRegions = (
				en,
				Base,
			);
			mainGroup = 7F2767051791E7FF00A1C1A0;
			productRefGroup = 7F27670F1791E80000A1C1A0 /* Products */;
			projectDirPath = "";
			projectRoot = "";
			targets = (
				7F27670D1791E80000A1C1A0 /* InstaCar */,
				7F27672E1791E80000A1C1A0 /* InstaCarTests */,
			);
		};
/* End PBXProject section */

/* Begin PBXResourcesBuildPhase section */
		7F27670C1791E80000A1C1A0 /* Resources */ = {
			isa = PBXResourcesBuildPhase;
			buildActionMask = 2147483647;
			files = (
				7F27672A1791E80000A1C1A0 /* Images.xcassets in Resources */,
				7F27671C1791E80000A1C1A0 /* InfoPlist.strings in Resources */,
				7F70812017D0CE170094D759 /* SetDefault.xib in Resources */,
				7F3871D317BE4B7900D8E39D /* main.storyboard in Resources */,
				7F59AC7217D3C88400B87457 /* bmw_256.png in Resources */,
			);
			runOnlyForDeploymentPostprocessing = 0;
		};
		7F27672D1791E80000A1C1A0 /* Resources */ = {
			isa = PBXResourcesBuildPhase;
			buildActionMask = 2147483647;
			files = (
				7F27673B1791E80000A1C1A0 /* InfoPlist.strings in Resources */,
			);
			runOnlyForDeploymentPostprocessing = 0;
		};
/* End PBXResourcesBuildPhase section */

/* Begin PBXSourcesBuildPhase section */
		7F27670A1791E80000A1C1A0 /* Sources */ = {
			isa = PBXSourcesBuildPhase;
			buildActionMask = 2147483647;
			files = (
				7F3871D617BE4CA900D8E39D /* MainNavController.m in Sources */,
				7F3871DE17BE4F1000D8E39D /* DDMenuController.m in Sources */,
				7F59AC6B17D3C20C00B87457 /* DBDefinition.m in Sources */,
				7FC4137C17C7EFF70025DD2C /* LocationsVC.m in Sources */,
				7F3871E117BE5A4F00D8E39D /* AppMenuTableVC.m in Sources */,
				7FF3389317D4C0E700B046C4 /* SkinsVC.m in Sources */,
				7F59AC6F17D3C20C00B87457 /* DbTable.m in Sources */,
				7F5AC64417CC000400C01658 /* SkinProvider.m in Sources */,
				7F7FF47017CF8634000E0ABD /* Location.m in Sources */,
				7F419E2D17D6698000255E56 /* CellAuto.m in Sources */,
				7F419E2717D65EBB00255E56 /* CellSkinSet.m in Sources */,
				7F72A06217D7AB000075FC0B /* CellModel.m in Sources */,
				7F3106CA17D7A9DD0057FCBE /* ModelsVC.m in Sources */,
				7F72A06817D7B1390075FC0B /* SubmodelsVC.m in Sources */,
				7FFFD7B717D0CF3400C833DE /* SkinSimple.m in Sources */,
				7F4ECC2D17C8062800BF1671 /* SideViewControllerBase.m in Sources */,
				7F3871D917BE4D4C00D8E39D /* MainVC.m in Sources */,
				7F72A06B17D7B1E10075FC0B /* CellSubmodel.m in Sources */,
				7F70812117D0CE170094D759 /* SkinViewBase.m in Sources */,
				7F59AC5D17D3BA4700B87457 /* AutoModel.m in Sources */,
				7FC4137917C7E8450025DD2C /* FSVenue.m in Sources */,
				7F59AC7817D3E67000B87457 /* Utils.m in Sources */,
				7F59AC6E17D3C20C00B87457 /* DbManager.m in Sources */,
				7F5AC64D17CC06CE00C01658 /* Auto.m in Sources */,
				7F59AC6C17D3C20C00B87457 /* DbField.m in Sources */,
				7F2767221791E80000A1C1A0 /* AppDelegate.m in Sources */,
				7F27671E1791E80000A1C1A0 /* main.m in Sources */,
				7FC4137817C7E8450025DD2C /* FSTargetCallback.m in Sources */,
				7F72A06517D7AED10075FC0B /* AutoSubmodel.m in Sources */,
				7F1767AC17C76F0F00724BD6 /* CaptureSessionManager.m in Sources */,
				7FB233B317D6773C003751B5 /* CellSelectedAuto.m in Sources */,
				7FEF908917D505E800C07A05 /* AutosVC.m in Sources */,
				7F59AC7517D3C8CC00B87457 /* UserSettings.m in Sources */,
				7F59AC5A17D3BA2900B87457 /* DataManager.m in Sources */,
				7FC4137717C7E8450025DD2C /* FSRequester.m in Sources */,
				7FC4137617C7E8450025DD2C /* FSConverter.m in Sources */,
				7F59AC6D17D3C20C00B87457 /* DbForeignKey.m in Sources */,
				7F5BC05D17D12B8B00C6EFF3 /* SetDefault.m in Sources */,
				7FC4137517C7E8450025DD2C /* Foursquare2.m in Sources */,
			);
			runOnlyForDeploymentPostprocessing = 0;
		};
		7F27672B1791E80000A1C1A0 /* Sources */ = {
			isa = PBXSourcesBuildPhase;
			buildActionMask = 2147483647;
			files = (
				7F27673D1791E80000A1C1A0 /* InstaCarTests.m in Sources */,
			);
			runOnlyForDeploymentPostprocessing = 0;
		};
/* End PBXSourcesBuildPhase section */

/* Begin PBXTargetDependency section */
		7F2767351791E80000A1C1A0 /* PBXTargetDependency */ = {
			isa = PBXTargetDependency;
			target = 7F27670D1791E80000A1C1A0 /* InstaCar */;
			targetProxy = 7F2767341791E80000A1C1A0 /* PBXContainerItemProxy */;
		};
/* End PBXTargetDependency section */

/* Begin PBXVariantGroup section */
		7F27671A1791E80000A1C1A0 /* InfoPlist.strings */ = {
			isa = PBXVariantGroup;
			children = (
				7F27671B1791E80000A1C1A0 /* en */,
			);
			name = InfoPlist.strings;
			sourceTree = "<group>";
		};
		7F2767391791E80000A1C1A0 /* InfoPlist.strings */ = {
			isa = PBXVariantGroup;
			children = (
				7F27673A1791E80000A1C1A0 /* en */,
			);
			name = InfoPlist.strings;
			sourceTree = "<group>";
		};
/* End PBXVariantGroup section */

/* Begin XCBuildConfiguration section */
		7F27673E1791E80000A1C1A0 /* Debug */ = {
			isa = XCBuildConfiguration;
			buildSettings = {
				ALWAYS_SEARCH_USER_PATHS = NO;
				CLANG_CXX_LANGUAGE_STANDARD = "gnu++0x";
				CLANG_CXX_LIBRARY = "libc++";
				CLANG_ENABLE_MODULES = YES;
				CLANG_ENABLE_OBJC_ARC = YES;
				CLANG_WARN_BOOL_CONVERSION = YES;
				CLANG_WARN_CONSTANT_CONVERSION = YES;
				CLANG_WARN_DIRECT_OBJC_ISA_USAGE = YES_ERROR;
				CLANG_WARN_EMPTY_BODY = YES;
				CLANG_WARN_ENUM_CONVERSION = YES;
				CLANG_WARN_INT_CONVERSION = YES;
				CLANG_WARN_OBJC_ROOT_CLASS = YES_ERROR;
				CLANG_WARN__DUPLICATE_METHOD_MATCH = YES;
				"CODE_SIGN_IDENTITY[sdk=iphoneos*]" = "iPhone Developer";
				COPY_PHASE_STRIP = NO;
				GCC_C_LANGUAGE_STANDARD = gnu99;
				GCC_DYNAMIC_NO_PIC = NO;
				GCC_OPTIMIZATION_LEVEL = 0;
				GCC_PREPROCESSOR_DEFINITIONS = (
					"DEBUG=1",
					"$(inherited)",
				);
				GCC_SYMBOLS_PRIVATE_EXTERN = NO;
				GCC_WARN_ABOUT_RETURN_TYPE = YES_ERROR;
				GCC_WARN_UNDECLARED_SELECTOR = YES;
				GCC_WARN_UNINITIALIZED_AUTOS = YES;
				GCC_WARN_UNUSED_FUNCTION = YES;
				GCC_WARN_UNUSED_VARIABLE = YES;
				IPHONEOS_DEPLOYMENT_TARGET = 6.1;
				ONLY_ACTIVE_ARCH = YES;
				SDKROOT = iphoneos;
			};
			name = Debug;
		};
		7F27673F1791E80000A1C1A0 /* Release */ = {
			isa = XCBuildConfiguration;
			buildSettings = {
				ALWAYS_SEARCH_USER_PATHS = NO;
				CLANG_CXX_LANGUAGE_STANDARD = "gnu++0x";
				CLANG_CXX_LIBRARY = "libc++";
				CLANG_ENABLE_MODULES = YES;
				CLANG_ENABLE_OBJC_ARC = YES;
				CLANG_WARN_BOOL_CONVERSION = YES;
				CLANG_WARN_CONSTANT_CONVERSION = YES;
				CLANG_WARN_DIRECT_OBJC_ISA_USAGE = YES_ERROR;
				CLANG_WARN_EMPTY_BODY = YES;
				CLANG_WARN_ENUM_CONVERSION = YES;
				CLANG_WARN_INT_CONVERSION = YES;
				CLANG_WARN_OBJC_ROOT_CLASS = YES_ERROR;
				CLANG_WARN__DUPLICATE_METHOD_MATCH = YES;
				"CODE_SIGN_IDENTITY[sdk=iphoneos*]" = "iPhone Developer";
				COPY_PHASE_STRIP = YES;
				ENABLE_NS_ASSERTIONS = NO;
				GCC_C_LANGUAGE_STANDARD = gnu99;
				GCC_WARN_ABOUT_RETURN_TYPE = YES_ERROR;
				GCC_WARN_UNDECLARED_SELECTOR = YES;
				GCC_WARN_UNINITIALIZED_AUTOS = YES;
				GCC_WARN_UNUSED_FUNCTION = YES;
				GCC_WARN_UNUSED_VARIABLE = YES;
				IPHONEOS_DEPLOYMENT_TARGET = 6.1;
				SDKROOT = iphoneos;
				VALIDATE_PRODUCT = YES;
			};
			name = Release;
		};
		7F2767411791E80000A1C1A0 /* Debug */ = {
			isa = XCBuildConfiguration;
			buildSettings = {
				ASSETCATALOG_COMPILER_APPICON_NAME = AppIcon;
				ASSETCATALOG_COMPILER_LAUNCHIMAGE_NAME = LaunchImage;
				GCC_PRECOMPILE_PREFIX_HEADER = YES;
				GCC_PREFIX_HEADER = "InstaCar/InstaCar-Prefix.pch";
				INFOPLIST_FILE = "InstaCar/InstaCar-Info.plist";
				IPHONEOS_DEPLOYMENT_TARGET = 6.1;
				PRODUCT_NAME = "$(TARGET_NAME)";
				WRAPPER_EXTENSION = app;
			};
			name = Debug;
		};
		7F2767421791E80000A1C1A0 /* Release */ = {
			isa = XCBuildConfiguration;
			buildSettings = {
				ASSETCATALOG_COMPILER_APPICON_NAME = AppIcon;
				ASSETCATALOG_COMPILER_LAUNCHIMAGE_NAME = LaunchImage;
				GCC_PRECOMPILE_PREFIX_HEADER = YES;
				GCC_PREFIX_HEADER = "InstaCar/InstaCar-Prefix.pch";
				INFOPLIST_FILE = "InstaCar/InstaCar-Info.plist";
				IPHONEOS_DEPLOYMENT_TARGET = 6.1;
				PRODUCT_NAME = "$(TARGET_NAME)";
				WRAPPER_EXTENSION = app;
			};
			name = Release;
		};
		7F2767441791E80000A1C1A0 /* Debug */ = {
			isa = XCBuildConfiguration;
			buildSettings = {
				BUNDLE_LOADER = "$(BUILT_PRODUCTS_DIR)/InstaCar.app/InstaCar";
				FRAMEWORK_SEARCH_PATHS = (
					"$(SDKROOT)/Developer/Library/Frameworks",
					"$(inherited)",
					"$(SYSTEM_APPS_DIR)/Xcode5-DP2.app/Contents/Developer/Library/Frameworks",
				);
				GCC_PRECOMPILE_PREFIX_HEADER = YES;
				GCC_PREFIX_HEADER = "InstaCar/InstaCar-Prefix.pch";
				GCC_PREPROCESSOR_DEFINITIONS = (
					"DEBUG=1",
					"$(inherited)",
				);
				INFOPLIST_FILE = "InstaCarTests/InstaCarTests-Info.plist";
				PRODUCT_NAME = "$(TARGET_NAME)";
				TEST_HOST = "$(BUNDLE_LOADER)";
				WRAPPER_EXTENSION = xctest;
			};
			name = Debug;
		};
		7F2767451791E80000A1C1A0 /* Release */ = {
			isa = XCBuildConfiguration;
			buildSettings = {
				BUNDLE_LOADER = "$(BUILT_PRODUCTS_DIR)/InstaCar.app/InstaCar";
				FRAMEWORK_SEARCH_PATHS = (
					"$(SDKROOT)/Developer/Library/Frameworks",
					"$(inherited)",
					"$(SYSTEM_APPS_DIR)/Xcode5-DP2.app/Contents/Developer/Library/Frameworks",
				);
				GCC_PRECOMPILE_PREFIX_HEADER = YES;
				GCC_PREFIX_HEADER = "InstaCar/InstaCar-Prefix.pch";
				INFOPLIST_FILE = "InstaCarTests/InstaCarTests-Info.plist";
				PRODUCT_NAME = "$(TARGET_NAME)";
				TEST_HOST = "$(BUNDLE_LOADER)";
				WRAPPER_EXTENSION = xctest;
			};
			name = Release;
		};
/* End XCBuildConfiguration section */

/* Begin XCConfigurationList section */
		7F2767091791E7FF00A1C1A0 /* Build configuration list for PBXProject "InstaCar" */ = {
			isa = XCConfigurationList;
			buildConfigurations = (
				7F27673E1791E80000A1C1A0 /* Debug */,
				7F27673F1791E80000A1C1A0 /* Release */,
			);
			defaultConfigurationIsVisible = 0;
			defaultConfigurationName = Release;
		};
		7F2767401791E80000A1C1A0 /* Build configuration list for PBXNativeTarget "InstaCar" */ = {
			isa = XCConfigurationList;
			buildConfigurations = (
				7F2767411791E80000A1C1A0 /* Debug */,
				7F2767421791E80000A1C1A0 /* Release */,
			);
			defaultConfigurationIsVisible = 0;
			defaultConfigurationName = Release;
		};
		7F2767431791E80000A1C1A0 /* Build configuration list for PBXNativeTarget "InstaCarTests" */ = {
			isa = XCConfigurationList;
			buildConfigurations = (
				7F2767441791E80000A1C1A0 /* Debug */,
				7F2767451791E80000A1C1A0 /* Release */,
			);
			defaultConfigurationIsVisible = 0;
			defaultConfigurationName = Release;
		};
/* End XCConfigurationList section */
	};
	rootObject = 7F2767061791E7FF00A1C1A0 /* Project object */;
}
