// !$*UTF8*$!
{
	archiveVersion = 1;
	classes = {
	};
	objectVersion = 46;
	objects = {

/* Begin PBXBuildFile section */
		7F002D21180B49C60076879F /* Settings.bundle in Resources */ = {isa = PBXBuildFile; fileRef = 7F002D20180B49C60076879F /* Settings.bundle */; };
		7F00E86518142EE7004F435A /* DbManager.m in Sources */ = {isa = PBXBuildFile; fileRef = 7F00E86418142EE7004F435A /* DbManager.m */; };
		7F1767AC17C76F0F00724BD6 /* CaptureSessionManager.m in Sources */ = {isa = PBXBuildFile; fileRef = 7F1767AB17C76F0F00724BD6 /* CaptureSessionManager.m */; };
		7F27671C1791E80000A1C1A0 /* InfoPlist.strings in Resources */ = {isa = PBXBuildFile; fileRef = 7F27671A1791E80000A1C1A0 /* InfoPlist.strings */; };
		7F27671E1791E80000A1C1A0 /* main.m in Sources */ = {isa = PBXBuildFile; fileRef = 7F27671D1791E80000A1C1A0 /* main.m */; };
		7F2767221791E80000A1C1A0 /* AppDelegate.m in Sources */ = {isa = PBXBuildFile; fileRef = 7F2767211791E80000A1C1A0 /* AppDelegate.m */; };
		7F27672A1791E80000A1C1A0 /* Images.xcassets in Resources */ = {isa = PBXBuildFile; fileRef = 7F2767291791E80000A1C1A0 /* Images.xcassets */; };
		7F27673B1791E80000A1C1A0 /* InfoPlist.strings in Resources */ = {isa = PBXBuildFile; fileRef = 7F2767391791E80000A1C1A0 /* InfoPlist.strings */; };
		7F27673D1791E80000A1C1A0 /* InstaCarTests.m in Sources */ = {isa = PBXBuildFile; fileRef = 7F27673C1791E80000A1C1A0 /* InstaCarTests.m */; };
		7F27AE081812F58E00168424 /* Settings_disabled.bundle in Resources */ = {isa = PBXBuildFile; fileRef = 7F27AE071812F58E00168424 /* Settings_disabled.bundle */; };
		7F2AD48117EDE9390096EC8D /* SHKCustomSharers.plist in Resources */ = {isa = PBXBuildFile; fileRef = 7F2AD48017EDE9390096EC8D /* SHKCustomSharers.plist */; };
		7F2AD57717EDE9B40096EC8D /* DefaultSHKConfigurator.m in Sources */ = {isa = PBXBuildFile; fileRef = 7F2AD48517EDE9B40096EC8D /* DefaultSHKConfigurator.m */; };
		7F2AD57817EDE9B40096EC8D /* SHKConfiguration.m in Sources */ = {isa = PBXBuildFile; fileRef = 7F2AD48717EDE9B40096EC8D /* SHKConfiguration.m */; };
		7F2AD57917EDE9B40096EC8D /* SHKiOSSharer.m in Sources */ = {isa = PBXBuildFile; fileRef = 7F2AD48C17EDE9B40096EC8D /* SHKiOSSharer.m */; };
		7F2AD57B17EDE9B40096EC8D /* SHKSharer.m in Sources */ = {isa = PBXBuildFile; fileRef = 7F2AD49117EDE9B40096EC8D /* SHKSharer.m */; };
		7F2AD57C17EDE9B40096EC8D /* SHKSharerDelegate.m in Sources */ = {isa = PBXBuildFile; fileRef = 7F2AD49317EDE9B40096EC8D /* SHKSharerDelegate.m */; };
		7F2AD57E17EDE9B40096EC8D /* NSArray+JoinValues.m in Sources */ = {isa = PBXBuildFile; fileRef = 7F2AD49817EDE9B40096EC8D /* NSArray+JoinValues.m */; };
		7F2AD59317EDE9B40096EC8D /* SHKFile.m in Sources */ = {isa = PBXBuildFile; fileRef = 7F2AD4CA17EDE9B40096EC8D /* SHKFile.m */; };
		7F2AD59417EDE9B40096EC8D /* SHKRequest.m in Sources */ = {isa = PBXBuildFile; fileRef = 7F2AD4CC17EDE9B40096EC8D /* SHKRequest.m */; };
		7F2AD59517EDE9B40096EC8D /* SHKXMLResponseParser.m in Sources */ = {isa = PBXBuildFile; fileRef = 7F2AD4CE17EDE9B40096EC8D /* SHKXMLResponseParser.m */; };
		7F2AD59617EDE9B40096EC8D /* SHK.m in Sources */ = {isa = PBXBuildFile; fileRef = 7F2AD4D317EDE9B40096EC8D /* SHK.m */; };
		7F2AD59717EDE9B40096EC8D /* SHKItem.m in Sources */ = {isa = PBXBuildFile; fileRef = 7F2AD4D517EDE9B40096EC8D /* SHKItem.m */; };
		7F2AD59917EDE9B40096EC8D /* SHKSharers.plist in Resources */ = {isa = PBXBuildFile; fileRef = 7F2AD4D817EDE9B40096EC8D /* SHKSharers.plist */; };
		7F2AD59A17EDE9B40096EC8D /* DETweetPaperClip.png in Resources */ = {isa = PBXBuildFile; fileRef = 7F2AD4D917EDE9B40096EC8D /* DETweetPaperClip.png */; };
		7F2AD59B17EDE9B40096EC8D /* DETweetPaperClip@2x.png in Resources */ = {isa = PBXBuildFile; fileRef = 7F2AD4DA17EDE9B40096EC8D /* DETweetPaperClip@2x.png */; };
		7F2AD59C17EDE9B40096EC8D /* DETweetURLAttachment.png in Resources */ = {isa = PBXBuildFile; fileRef = 7F2AD4DB17EDE9B40096EC8D /* DETweetURLAttachment.png */; };
		7F2AD59D17EDE9B40096EC8D /* DETweetURLAttachment@2x.png in Resources */ = {isa = PBXBuildFile; fileRef = 7F2AD4DC17EDE9B40096EC8D /* DETweetURLAttachment@2x.png */; };
		7F2AD5A017EDE9B40096EC8D /* SHKCopy.m in Sources */ = {isa = PBXBuildFile; fileRef = 7F2AD4E517EDE9B40096EC8D /* SHKCopy.m */; };
		7F2AD5A117EDE9B40096EC8D /* SHKMail.m in Sources */ = {isa = PBXBuildFile; fileRef = 7F2AD4E817EDE9B40096EC8D /* SHKMail.m */; };
		7F2AD5A317EDE9B40096EC8D /* SHKSafari.m in Sources */ = {isa = PBXBuildFile; fileRef = 7F2AD4EE17EDE9B40096EC8D /* SHKSafari.m */; };
		7F2AD5A417EDE9B40096EC8D /* SHKPrint.m in Sources */ = {isa = PBXBuildFile; fileRef = 7F2AD4F117EDE9B40096EC8D /* SHKPrint.m */; };
		7F2AD5A517EDE9B40096EC8D /* SHKPhotoAlbum.m in Sources */ = {isa = PBXBuildFile; fileRef = 7F2AD4F417EDE9B40096EC8D /* SHKPhotoAlbum.m */; };
		7F2AD5A617EDE9B40096EC8D /* SHKTextMessage.m in Sources */ = {isa = PBXBuildFile; fileRef = 7F2AD4F717EDE9B40096EC8D /* SHKTextMessage.m */; };
		7F2AD5AF17EDE9B40096EC8D /* SHKiOSFacebook.m in Sources */ = {isa = PBXBuildFile; fileRef = 7F2AD51017EDE9B40096EC8D /* SHKiOSFacebook.m */; };
		7F2AD5B917EDE9B40096EC8D /* SHKInstagram.m in Sources */ = {isa = PBXBuildFile; fileRef = 7F2AD52917EDE9B40096EC8D /* SHKInstagram.m */; };
		7F2AD5C417EDE9B40096EC8D /* SHKiOSTwitter.m in Sources */ = {isa = PBXBuildFile; fileRef = 7F2AD54917EDE9B40096EC8D /* SHKiOSTwitter.m */; };
		7F2AD5CA17EDE9B40096EC8D /* SHKShareFileIcon.png in Resources */ = {isa = PBXBuildFile; fileRef = 7F2AD55617EDE9B40096EC8D /* SHKShareFileIcon.png */; };
		7F2AD5CB17EDE9B40096EC8D /* SHKShareFileIcon@2x.png in Resources */ = {isa = PBXBuildFile; fileRef = 7F2AD55717EDE9B40096EC8D /* SHKShareFileIcon@2x.png */; };
		7F2AD5CC17EDE9B40096EC8D /* SHKActionSheet.m in Sources */ = {isa = PBXBuildFile; fileRef = 7F2AD55A17EDE9B40096EC8D /* SHKActionSheet.m */; };
		7F2AD5CD17EDE9B40096EC8D /* SHKActivityIndicator.m in Sources */ = {isa = PBXBuildFile; fileRef = 7F2AD55C17EDE9B40096EC8D /* SHKActivityIndicator.m */; };
		7F2AD5CF17EDE9B40096EC8D /* SHKFormFieldCell.m in Sources */ = {isa = PBXBuildFile; fileRef = 7F2AD56017EDE9B40096EC8D /* SHKFormFieldCell.m */; };
		7F2AD5D017EDE9B40096EC8D /* SHKFormFieldCellOptionPicker.m in Sources */ = {isa = PBXBuildFile; fileRef = 7F2AD56317EDE9B40096EC8D /* SHKFormFieldCellOptionPicker.m */; };
		7F2AD5D117EDE9B40096EC8D /* SHKFormFieldCellSwitch.m in Sources */ = {isa = PBXBuildFile; fileRef = 7F2AD56517EDE9B40096EC8D /* SHKFormFieldCellSwitch.m */; };
		7F2AD5D217EDE9B40096EC8D /* SHKFormFieldCellText.m in Sources */ = {isa = PBXBuildFile; fileRef = 7F2AD56717EDE9B40096EC8D /* SHKFormFieldCellText.m */; };
		7F2AD5D417EDE9B40096EC8D /* SHKFormFieldLargeTextSettings.m in Sources */ = {isa = PBXBuildFile; fileRef = 7F2AD56B17EDE9B40096EC8D /* SHKFormFieldLargeTextSettings.m */; };
		7F2AD5D517EDE9B40096EC8D /* SHKFormFieldOptionPickerSettings.m in Sources */ = {isa = PBXBuildFile; fileRef = 7F2AD56D17EDE9B40096EC8D /* SHKFormFieldOptionPickerSettings.m */; };
		7F2AD5D617EDE9B40096EC8D /* SHKFormFieldSettings.m in Sources */ = {isa = PBXBuildFile; fileRef = 7F2AD56F17EDE9B40096EC8D /* SHKFormFieldSettings.m */; };
		7F2AD5D717EDE9B40096EC8D /* SHKFormOptionController.m in Sources */ = {isa = PBXBuildFile; fileRef = 7F2AD57117EDE9B40096EC8D /* SHKFormOptionController.m */; };
		7F2AD5D917EDE9B40096EC8D /* SHKShareMenu.m in Sources */ = {isa = PBXBuildFile; fileRef = 7F2AD57617EDE9B40096EC8D /* SHKShareMenu.m */; };
		7F2E97DC17DBDF9D003598EC /* CellVenue.m in Sources */ = {isa = PBXBuildFile; fileRef = 7F2E97DB17DBDF9D003598EC /* CellVenue.m */; };
		7F3648B3180F2A1900B95693 /* FirstTimeInfoVC.m in Sources */ = {isa = PBXBuildFile; fileRef = 7F3648B2180F2A1900B95693 /* FirstTimeInfoVC.m */; };
		7F3871D317BE4B7900D8E39D /* main.storyboard in Resources */ = {isa = PBXBuildFile; fileRef = 7F3871D217BE4B7900D8E39D /* main.storyboard */; };
		7F3871D617BE4CA900D8E39D /* MainNavController.m in Sources */ = {isa = PBXBuildFile; fileRef = 7F3871D517BE4CA900D8E39D /* MainNavController.m */; };
		7F3871D917BE4D4C00D8E39D /* MainVC.m in Sources */ = {isa = PBXBuildFile; fileRef = 7F3871D817BE4D4C00D8E39D /* MainVC.m */; };
		7F3871DE17BE4F1000D8E39D /* DDMenuController.m in Sources */ = {isa = PBXBuildFile; fileRef = 7F3871DD17BE4F1000D8E39D /* DDMenuController.m */; };
		7F3871E117BE5A4F00D8E39D /* AppMenuTableVC.m in Sources */ = {isa = PBXBuildFile; fileRef = 7F3871E017BE5A4F00D8E39D /* AppMenuTableVC.m */; };
		7F3A170117F627A200584614 /* UIAlphaGradientView.m in Sources */ = {isa = PBXBuildFile; fileRef = 7F3A170017F627A200584614 /* UIAlphaGradientView.m */; };
		7F419E2717D65EBB00255E56 /* CellSkinSet.m in Sources */ = {isa = PBXBuildFile; fileRef = 7F419E2617D65EBB00255E56 /* CellSkinSet.m */; };
		7F419E2D17D6698000255E56 /* CellAuto.m in Sources */ = {isa = PBXBuildFile; fileRef = 7F419E2C17D6698000255E56 /* CellAuto.m */; };
		7F4CB669180977DF008B5CA2 /* iCloudHandler.m in Sources */ = {isa = PBXBuildFile; fileRef = 7F4CB668180977DF008B5CA2 /* iCloudHandler.m */; };
		7F4CB677180978CF008B5CA2 /* CustomSHKConfigurator.m in Sources */ = {isa = PBXBuildFile; fileRef = 7F4CB66C180978CF008B5CA2 /* CustomSHKConfigurator.m */; };
		7F4CB678180978CF008B5CA2 /* DataManager.m in Sources */ = {isa = PBXBuildFile; fileRef = 7F4CB66E180978CF008B5CA2 /* DataManager.m */; };
		7F4CB679180978CF008B5CA2 /* SkinProvider.m in Sources */ = {isa = PBXBuildFile; fileRef = 7F4CB670180978CF008B5CA2 /* SkinProvider.m */; };
		7F4CB67A180978CF008B5CA2 /* UserSettings.m in Sources */ = {isa = PBXBuildFile; fileRef = 7F4CB672180978CF008B5CA2 /* UserSettings.m */; };
		7F4CB67B180978CF008B5CA2 /* Utils.m in Sources */ = {isa = PBXBuildFile; fileRef = 7F4CB674180978CF008B5CA2 /* Utils.m */; };
		7F4CB67C180978CF008B5CA2 /* VenueProvider.m in Sources */ = {isa = PBXBuildFile; fileRef = 7F4CB676180978CF008B5CA2 /* VenueProvider.m */; };
		7F4CB68E18097908008B5CA2 /* LocationSimple.m in Sources */ = {isa = PBXBuildFile; fileRef = 7F4CB68018097908008B5CA2 /* LocationSimple.m */; };
		7F4CB68F18097908008B5CA2 /* LogoNameLeft.m in Sources */ = {isa = PBXBuildFile; fileRef = 7F4CB68218097908008B5CA2 /* LogoNameLeft.m */; };
		7F4CB69018097908008B5CA2 /* LogoRight.m in Sources */ = {isa = PBXBuildFile; fileRef = 7F4CB68418097908008B5CA2 /* LogoRight.m */; };
		7F4CB69118097908008B5CA2 /* SetDefault.m in Sources */ = {isa = PBXBuildFile; fileRef = 7F4CB68618097908008B5CA2 /* SetDefault.m */; };
		7F4CB69218097908008B5CA2 /* SetDefault.xib in Resources */ = {isa = PBXBuildFile; fileRef = 7F4CB68718097908008B5CA2 /* SetDefault.xib */; };
		7F4CB69318097908008B5CA2 /* SkinSimple.m in Sources */ = {isa = PBXBuildFile; fileRef = 7F4CB68918097908008B5CA2 /* SkinSimple.m */; };
		7F4CB69418097908008B5CA2 /* SkinSimple2.m in Sources */ = {isa = PBXBuildFile; fileRef = 7F4CB68B18097908008B5CA2 /* SkinSimple2.m */; };
		7F4CB69518097908008B5CA2 /* SkinViewBase.m in Sources */ = {isa = PBXBuildFile; fileRef = 7F4CB68D18097908008B5CA2 /* SkinViewBase.m */; };
		7F4ECC2D17C8062800BF1671 /* SideViewControllerBase.m in Sources */ = {isa = PBXBuildFile; fileRef = 7F4ECC2C17C8062800BF1671 /* SideViewControllerBase.m */; };
		7F4F684317F6F97600F1017B /* HFImageEditorFrameView.m in Sources */ = {isa = PBXBuildFile; fileRef = 7F4F683F17F6F97600F1017B /* HFImageEditorFrameView.m */; };
		7F4F684417F6F97600F1017B /* HFImageEditorViewController.m in Sources */ = {isa = PBXBuildFile; fileRef = 7F4F684217F6F97600F1017B /* HFImageEditorViewController.m */; };
		7F4F684817F6FDF500F1017B /* ImageEditor.m in Sources */ = {isa = PBXBuildFile; fileRef = 7F4F684617F6FDF500F1017B /* ImageEditor.m */; };
		7F4F684917F6FDF500F1017B /* ImageEditor.xib in Resources */ = {isa = PBXBuildFile; fileRef = 7F4F684717F6FDF500F1017B /* ImageEditor.xib */; };
		7F4FE8921826FF0B00045ABD /* SkinLogoCountryBadge.m in Sources */ = {isa = PBXBuildFile; fileRef = 7F4FE8911826FF0B00045ABD /* SkinLogoCountryBadge.m */; };
		7F544A3918085378001FFEC3 /* ALAssetsLibrary+CustomPhotoAlbum.m in Sources */ = {isa = PBXBuildFile; fileRef = 7F544A3818085378001FFEC3 /* ALAssetsLibrary+CustomPhotoAlbum.m */; };
		7F59AC5D17D3BA4700B87457 /* AutoModel.m in Sources */ = {isa = PBXBuildFile; fileRef = 7F59AC5C17D3BA4700B87457 /* AutoModel.m */; };
		7F59AC5F17D3C1F400B87457 /* libsqlite3.0.dylib in Frameworks */ = {isa = PBXBuildFile; fileRef = 7F59AC5E17D3C1F400B87457 /* libsqlite3.0.dylib */; };
		7F5AC64D17CC06CE00C01658 /* Auto.m in Sources */ = {isa = PBXBuildFile; fileRef = 7F5AC64C17CC06CE00C01658 /* Auto.m */; };
		7F5C46671811E87900DF94B1 /* ProInfoVC.m in Sources */ = {isa = PBXBuildFile; fileRef = 7F5C46661811E87900DF94B1 /* ProInfoVC.m */; };
		7F72A06517D7AED10075FC0B /* AutoSubmodel.m in Sources */ = {isa = PBXBuildFile; fileRef = 7F72A06417D7AED10075FC0B /* AutoSubmodel.m */; };
		7F7FF47017CF8634000E0ABD /* Location.m in Sources */ = {isa = PBXBuildFile; fileRef = 7F7FF46F17CF8634000E0ABD /* Location.m */; };
		7F882C241832EBE50083CFC9 /* SetVersus.m in Sources */ = {isa = PBXBuildFile; fileRef = 7F882C201832EBE50083CFC9 /* SetVersus.m */; };
		7F882C251832EBE50083CFC9 /* SetVersus.xib in Resources */ = {isa = PBXBuildFile; fileRef = 7F882C211832EBE50083CFC9 /* SetVersus.xib */; };
		7F882C261832EBE50083CFC9 /* SkinVersusName.m in Sources */ = {isa = PBXBuildFile; fileRef = 7F882C231832EBE50083CFC9 /* SkinVersusName.m */; };
		7F882C291832ECC60083CFC9 /* SkinSetBase.m in Sources */ = {isa = PBXBuildFile; fileRef = 7F882C281832ECC60083CFC9 /* SkinSetBase.m */; };
		7F9656D91866F463000325B9 /* SkinVersusLogo.m in Sources */ = {isa = PBXBuildFile; fileRef = 7F9656D81866F463000325B9 /* SkinVersusLogo.m */; };
		7FB233B317D6773C003751B5 /* CellSelectedAuto.m in Sources */ = {isa = PBXBuildFile; fileRef = 7FB233B217D6773C003751B5 /* CellSelectedAuto.m */; };
		7FC4137517C7E8450025DD2C /* Foursquare2.m in Sources */ = {isa = PBXBuildFile; fileRef = 7FC4136C17C7E8450025DD2C /* Foursquare2.m */; };
		7FC4137617C7E8450025DD2C /* FSConverter.m in Sources */ = {isa = PBXBuildFile; fileRef = 7FC4136E17C7E8450025DD2C /* FSConverter.m */; };
		7FC4137717C7E8450025DD2C /* FSRequester.m in Sources */ = {isa = PBXBuildFile; fileRef = 7FC4137017C7E8450025DD2C /* FSRequester.m */; };
		7FC4137817C7E8450025DD2C /* FSTargetCallback.m in Sources */ = {isa = PBXBuildFile; fileRef = 7FC4137217C7E8450025DD2C /* FSTargetCallback.m */; };
		7FC4137917C7E8450025DD2C /* FSVenue.m in Sources */ = {isa = PBXBuildFile; fileRef = 7FC4137417C7E8450025DD2C /* FSVenue.m */; };
		7FC4137C17C7EFF70025DD2C /* LocationsVC.m in Sources */ = {isa = PBXBuildFile; fileRef = 7FC4137B17C7EFF70025DD2C /* LocationsVC.m */; };
		7FCD262C17F5BFEC00BFDF4E /* SMPageControl.m in Sources */ = {isa = PBXBuildFile; fileRef = 7FCD262B17F5BFEC00BFDF4E /* SMPageControl.m */; };
		7FD356341805E704008EC167 /* CustomCarFormVC.m in Sources */ = {isa = PBXBuildFile; fileRef = 7FD356331805E704008EC167 /* CustomCarFormVC.m */; };
		7FD7659618D4895A00F43E92 /* db.sqlite in Resources */ = {isa = PBXBuildFile; fileRef = 7FD7659518D4895A00F43E92 /* db.sqlite */; };
		7FEF908917D505E800C07A05 /* AutosVC.m in Sources */ = {isa = PBXBuildFile; fileRef = 7FEF908817D505E800C07A05 /* AutosVC.m */; };
		7FF3389317D4C0E700B046C4 /* SkinsVC.m in Sources */ = {isa = PBXBuildFile; fileRef = 7FF3389217D4C0E700B046C4 /* SkinsVC.m */; };
		7FFEBC5517DBA54F00B1DC9A /* auto_logos.xcassets in Resources */ = {isa = PBXBuildFile; fileRef = 7FFEBC5417DBA54F00B1DC9A /* auto_logos.xcassets */; };
/* End PBXBuildFile section */

/* Begin PBXContainerItemProxy section */
		7F2767341791E80000A1C1A0 /* PBXContainerItemProxy */ = {
			isa = PBXContainerItemProxy;
			containerPortal = 7F2767061791E7FF00A1C1A0 /* Project object */;
			proxyType = 1;
			remoteGlobalIDString = 7F27670D1791E80000A1C1A0;
			remoteInfo = InstaCar;
		};
/* End PBXContainerItemProxy section */

/* Begin PBXFileReference section */
		7F002D20180B49C60076879F /* Settings.bundle */ = {isa = PBXFileReference; lastKnownFileType = "wrapper.plug-in"; name = Settings.bundle; path = InstaCar/Settings.bundle; sourceTree = "<group>"; };
		7F00E86318142EE7004F435A /* DbManager.h */ = {isa = PBXFileReference; fileEncoding = 4; lastKnownFileType = sourcecode.c.h; name = DbManager.h; path = InstaCar/Core/DbManager.h; sourceTree = "<group>"; };
		7F00E86418142EE7004F435A /* DbManager.m */ = {isa = PBXFileReference; fileEncoding = 4; lastKnownFileType = sourcecode.c.objc; name = DbManager.m; path = InstaCar/Core/DbManager.m; sourceTree = "<group>"; };
		7F1767AA17C76F0F00724BD6 /* CaptureSessionManager.h */ = {isa = PBXFileReference; fileEncoding = 4; lastKnownFileType = sourcecode.c.h; path = CaptureSessionManager.h; sourceTree = "<group>"; };
		7F1767AB17C76F0F00724BD6 /* CaptureSessionManager.m */ = {isa = PBXFileReference; fileEncoding = 4; lastKnownFileType = sourcecode.c.objc; path = CaptureSessionManager.m; sourceTree = "<group>"; };
		7F27670E1791E80000A1C1A0 /* InstaCar.app */ = {isa = PBXFileReference; explicitFileType = wrapper.application; includeInIndex = 0; path = InstaCar.app; sourceTree = BUILT_PRODUCTS_DIR; };
		7F2767191791E80000A1C1A0 /* InstaCar-Info.plist */ = {isa = PBXFileReference; lastKnownFileType = text.plist.xml; path = "InstaCar-Info.plist"; sourceTree = "<group>"; };
		7F27671B1791E80000A1C1A0 /* en */ = {isa = PBXFileReference; lastKnownFileType = text.plist.strings; name = en; path = en.lproj/InfoPlist.strings; sourceTree = "<group>"; };
		7F27671D1791E80000A1C1A0 /* main.m */ = {isa = PBXFileReference; lastKnownFileType = sourcecode.c.objc; path = main.m; sourceTree = "<group>"; };
		7F27671F1791E80000A1C1A0 /* InstaCar-Prefix.pch */ = {isa = PBXFileReference; lastKnownFileType = sourcecode.c.h; path = "InstaCar-Prefix.pch"; sourceTree = "<group>"; };
		7F2767201791E80000A1C1A0 /* AppDelegate.h */ = {isa = PBXFileReference; lastKnownFileType = sourcecode.c.h; path = AppDelegate.h; sourceTree = "<group>"; };
		7F2767211791E80000A1C1A0 /* AppDelegate.m */ = {isa = PBXFileReference; lastKnownFileType = sourcecode.c.objc; path = AppDelegate.m; sourceTree = "<group>"; };
		7F2767291791E80000A1C1A0 /* Images.xcassets */ = {isa = PBXFileReference; lastKnownFileType = folder.assetcatalog; path = Images.xcassets; sourceTree = "<group>"; };
		7F27672F1791E80000A1C1A0 /* InstaCarTests.xctest */ = {isa = PBXFileReference; explicitFileType = wrapper.cfbundle; includeInIndex = 0; path = InstaCarTests.xctest; sourceTree = BUILT_PRODUCTS_DIR; };
		7F2767381791E80000A1C1A0 /* InstaCarTests-Info.plist */ = {isa = PBXFileReference; lastKnownFileType = text.plist.xml; path = "InstaCarTests-Info.plist"; sourceTree = "<group>"; };
		7F27673A1791E80000A1C1A0 /* en */ = {isa = PBXFileReference; lastKnownFileType = text.plist.strings; name = en; path = en.lproj/InfoPlist.strings; sourceTree = "<group>"; };
		7F27673C1791E80000A1C1A0 /* InstaCarTests.m */ = {isa = PBXFileReference; lastKnownFileType = sourcecode.c.objc; path = InstaCarTests.m; sourceTree = "<group>"; };
		7F27AE071812F58E00168424 /* Settings_disabled.bundle */ = {isa = PBXFileReference; lastKnownFileType = "wrapper.plug-in"; name = Settings_disabled.bundle; path = InstaCar/Settings_disabled.bundle; sourceTree = "<group>"; };
		7F2AD48017EDE9390096EC8D /* SHKCustomSharers.plist */ = {isa = PBXFileReference; fileEncoding = 4; lastKnownFileType = text.plist.xml; name = SHKCustomSharers.plist; path = "Supporting Files/SHKCustomSharers.plist"; sourceTree = "<group>"; };
		7F2AD48417EDE9B40096EC8D /* DefaultSHKConfigurator.h */ = {isa = PBXFileReference; fileEncoding = 4; lastKnownFileType = sourcecode.c.h; path = DefaultSHKConfigurator.h; sourceTree = "<group>"; };
		7F2AD48517EDE9B40096EC8D /* DefaultSHKConfigurator.m */ = {isa = PBXFileReference; fileEncoding = 4; lastKnownFileType = sourcecode.c.objc; path = DefaultSHKConfigurator.m; sourceTree = "<group>"; };
		7F2AD48617EDE9B40096EC8D /* SHKConfiguration.h */ = {isa = PBXFileReference; fileEncoding = 4; lastKnownFileType = sourcecode.c.h; path = SHKConfiguration.h; sourceTree = "<group>"; };
		7F2AD48717EDE9B40096EC8D /* SHKConfiguration.m */ = {isa = PBXFileReference; fileEncoding = 4; lastKnownFileType = sourcecode.c.objc; path = SHKConfiguration.m; sourceTree = "<group>"; };
		7F2AD48A17EDE9B40096EC8D /* SharersCommonHeaders.h */ = {isa = PBXFileReference; fileEncoding = 4; lastKnownFileType = sourcecode.c.h; path = SharersCommonHeaders.h; sourceTree = "<group>"; };
		7F2AD48B17EDE9B40096EC8D /* SHKiOSSharer.h */ = {isa = PBXFileReference; fileEncoding = 4; lastKnownFileType = sourcecode.c.h; path = SHKiOSSharer.h; sourceTree = "<group>"; };
		7F2AD48C17EDE9B40096EC8D /* SHKiOSSharer.m */ = {isa = PBXFileReference; fileEncoding = 4; lastKnownFileType = sourcecode.c.objc; path = SHKiOSSharer.m; sourceTree = "<group>"; };
		7F2AD48D17EDE9B40096EC8D /* SHKiOSSharer_Protected.h */ = {isa = PBXFileReference; fileEncoding = 4; lastKnownFileType = sourcecode.c.h; path = SHKiOSSharer_Protected.h; sourceTree = "<group>"; };
		7F2AD49017EDE9B40096EC8D /* SHKSharer.h */ = {isa = PBXFileReference; fileEncoding = 4; lastKnownFileType = sourcecode.c.h; path = SHKSharer.h; sourceTree = "<group>"; };
		7F2AD49117EDE9B40096EC8D /* SHKSharer.m */ = {isa = PBXFileReference; fileEncoding = 4; lastKnownFileType = sourcecode.c.objc; path = SHKSharer.m; sourceTree = "<group>"; };
		7F2AD49217EDE9B40096EC8D /* SHKSharerDelegate.h */ = {isa = PBXFileReference; fileEncoding = 4; lastKnownFileType = sourcecode.c.h; path = SHKSharerDelegate.h; sourceTree = "<group>"; };
		7F2AD49317EDE9B40096EC8D /* SHKSharerDelegate.m */ = {isa = PBXFileReference; fileEncoding = 4; lastKnownFileType = sourcecode.c.objc; path = SHKSharerDelegate.m; sourceTree = "<group>"; };
		7F2AD49717EDE9B40096EC8D /* NSArray+JoinValues.h */ = {isa = PBXFileReference; fileEncoding = 4; lastKnownFileType = sourcecode.c.h; path = "NSArray+JoinValues.h"; sourceTree = "<group>"; };
		7F2AD49817EDE9B40096EC8D /* NSArray+JoinValues.m */ = {isa = PBXFileReference; fileEncoding = 4; lastKnownFileType = sourcecode.c.objc; path = "NSArray+JoinValues.m"; sourceTree = "<group>"; };
		7F2AD4A517EDE9B40096EC8D /* FormControllerCallback.h */ = {isa = PBXFileReference; fileEncoding = 4; lastKnownFileType = sourcecode.c.h; path = FormControllerCallback.h; sourceTree = "<group>"; };
		7F2AD4C917EDE9B40096EC8D /* SHKFile.h */ = {isa = PBXFileReference; fileEncoding = 4; lastKnownFileType = sourcecode.c.h; path = SHKFile.h; sourceTree = "<group>"; };
		7F2AD4CA17EDE9B40096EC8D /* SHKFile.m */ = {isa = PBXFileReference; fileEncoding = 4; lastKnownFileType = sourcecode.c.objc; path = SHKFile.m; sourceTree = "<group>"; };
		7F2AD4CB17EDE9B40096EC8D /* SHKRequest.h */ = {isa = PBXFileReference; fileEncoding = 4; lastKnownFileType = sourcecode.c.h; path = SHKRequest.h; sourceTree = "<group>"; };
		7F2AD4CC17EDE9B40096EC8D /* SHKRequest.m */ = {isa = PBXFileReference; fileEncoding = 4; lastKnownFileType = sourcecode.c.objc; path = SHKRequest.m; sourceTree = "<group>"; };
		7F2AD4CD17EDE9B40096EC8D /* SHKXMLResponseParser.h */ = {isa = PBXFileReference; fileEncoding = 4; lastKnownFileType = sourcecode.c.h; path = SHKXMLResponseParser.h; sourceTree = "<group>"; };
		7F2AD4CE17EDE9B40096EC8D /* SHKXMLResponseParser.m */ = {isa = PBXFileReference; fileEncoding = 4; lastKnownFileType = sourcecode.c.objc; path = SHKXMLResponseParser.m; sourceTree = "<group>"; };
		7F2AD4CF17EDE9B40096EC8D /* Singleton.h */ = {isa = PBXFileReference; fileEncoding = 4; lastKnownFileType = sourcecode.c.h; path = Singleton.h; sourceTree = "<group>"; };
		7F2AD4D017EDE9B40096EC8D /* SuppressPerformSelectorWarning.h */ = {isa = PBXFileReference; fileEncoding = 4; lastKnownFileType = sourcecode.c.h; path = SuppressPerformSelectorWarning.h; sourceTree = "<group>"; };
		7F2AD4D117EDE9B40096EC8D /* ShareKit.h */ = {isa = PBXFileReference; fileEncoding = 4; lastKnownFileType = sourcecode.c.h; path = ShareKit.h; sourceTree = "<group>"; };
		7F2AD4D217EDE9B40096EC8D /* SHK.h */ = {isa = PBXFileReference; fileEncoding = 4; lastKnownFileType = sourcecode.c.h; path = SHK.h; sourceTree = "<group>"; };
		7F2AD4D317EDE9B40096EC8D /* SHK.m */ = {isa = PBXFileReference; fileEncoding = 4; lastKnownFileType = sourcecode.c.objc; path = SHK.m; sourceTree = "<group>"; };
		7F2AD4D417EDE9B40096EC8D /* SHKItem.h */ = {isa = PBXFileReference; fileEncoding = 4; lastKnownFileType = sourcecode.c.h; path = SHKItem.h; sourceTree = "<group>"; };
		7F2AD4D517EDE9B40096EC8D /* SHKItem.m */ = {isa = PBXFileReference; fileEncoding = 4; lastKnownFileType = sourcecode.c.objc; path = SHKItem.m; sourceTree = "<group>"; };
		7F2AD4D817EDE9B40096EC8D /* SHKSharers.plist */ = {isa = PBXFileReference; fileEncoding = 4; lastKnownFileType = text.plist.xml; path = SHKSharers.plist; sourceTree = "<group>"; };
		7F2AD4D917EDE9B40096EC8D /* DETweetPaperClip.png */ = {isa = PBXFileReference; lastKnownFileType = image.png; path = DETweetPaperClip.png; sourceTree = "<group>"; };
		7F2AD4DA17EDE9B40096EC8D /* DETweetPaperClip@2x.png */ = {isa = PBXFileReference; lastKnownFileType = image.png; path = "DETweetPaperClip@2x.png"; sourceTree = "<group>"; };
		7F2AD4DB17EDE9B40096EC8D /* DETweetURLAttachment.png */ = {isa = PBXFileReference; lastKnownFileType = image.png; path = DETweetURLAttachment.png; sourceTree = "<group>"; };
		7F2AD4DC17EDE9B40096EC8D /* DETweetURLAttachment@2x.png */ = {isa = PBXFileReference; lastKnownFileType = image.png; path = "DETweetURLAttachment@2x.png"; sourceTree = "<group>"; };
		7F2AD4E417EDE9B40096EC8D /* SHKCopy.h */ = {isa = PBXFileReference; fileEncoding = 4; lastKnownFileType = sourcecode.c.h; path = SHKCopy.h; sourceTree = "<group>"; };
		7F2AD4E517EDE9B40096EC8D /* SHKCopy.m */ = {isa = PBXFileReference; fileEncoding = 4; lastKnownFileType = sourcecode.c.objc; path = SHKCopy.m; sourceTree = "<group>"; };
		7F2AD4E717EDE9B40096EC8D /* SHKMail.h */ = {isa = PBXFileReference; fileEncoding = 4; lastKnownFileType = sourcecode.c.h; path = SHKMail.h; sourceTree = "<group>"; };
		7F2AD4E817EDE9B40096EC8D /* SHKMail.m */ = {isa = PBXFileReference; fileEncoding = 4; lastKnownFileType = sourcecode.c.objc; path = SHKMail.m; sourceTree = "<group>"; };
		7F2AD4ED17EDE9B40096EC8D /* SHKSafari.h */ = {isa = PBXFileReference; fileEncoding = 4; lastKnownFileType = sourcecode.c.h; path = SHKSafari.h; sourceTree = "<group>"; };
		7F2AD4EE17EDE9B40096EC8D /* SHKSafari.m */ = {isa = PBXFileReference; fileEncoding = 4; lastKnownFileType = sourcecode.c.objc; path = SHKSafari.m; sourceTree = "<group>"; };
		7F2AD4F017EDE9B40096EC8D /* SHKPrint.h */ = {isa = PBXFileReference; fileEncoding = 4; lastKnownFileType = sourcecode.c.h; path = SHKPrint.h; sourceTree = "<group>"; };
		7F2AD4F117EDE9B40096EC8D /* SHKPrint.m */ = {isa = PBXFileReference; fileEncoding = 4; lastKnownFileType = sourcecode.c.objc; path = SHKPrint.m; sourceTree = "<group>"; };
		7F2AD4F317EDE9B40096EC8D /* SHKPhotoAlbum.h */ = {isa = PBXFileReference; fileEncoding = 4; lastKnownFileType = sourcecode.c.h; path = SHKPhotoAlbum.h; sourceTree = "<group>"; };
		7F2AD4F417EDE9B40096EC8D /* SHKPhotoAlbum.m */ = {isa = PBXFileReference; fileEncoding = 4; lastKnownFileType = sourcecode.c.objc; path = SHKPhotoAlbum.m; sourceTree = "<group>"; };
		7F2AD4F617EDE9B40096EC8D /* SHKTextMessage.h */ = {isa = PBXFileReference; fileEncoding = 4; lastKnownFileType = sourcecode.c.h; path = SHKTextMessage.h; sourceTree = "<group>"; };
		7F2AD4F717EDE9B40096EC8D /* SHKTextMessage.m */ = {isa = PBXFileReference; fileEncoding = 4; lastKnownFileType = sourcecode.c.objc; path = SHKTextMessage.m; sourceTree = "<group>"; };
		7F2AD50F17EDE9B40096EC8D /* SHKiOSFacebook.h */ = {isa = PBXFileReference; fileEncoding = 4; lastKnownFileType = sourcecode.c.h; path = SHKiOSFacebook.h; sourceTree = "<group>"; };
		7F2AD51017EDE9B40096EC8D /* SHKiOSFacebook.m */ = {isa = PBXFileReference; fileEncoding = 4; lastKnownFileType = sourcecode.c.objc; path = SHKiOSFacebook.m; sourceTree = "<group>"; };
		7F2AD52817EDE9B40096EC8D /* SHKInstagram.h */ = {isa = PBXFileReference; fileEncoding = 4; lastKnownFileType = sourcecode.c.h; path = SHKInstagram.h; sourceTree = "<group>"; };
		7F2AD52917EDE9B40096EC8D /* SHKInstagram.m */ = {isa = PBXFileReference; fileEncoding = 4; lastKnownFileType = sourcecode.c.objc; path = SHKInstagram.m; sourceTree = "<group>"; };
		7F2AD54817EDE9B40096EC8D /* SHKiOSTwitter.h */ = {isa = PBXFileReference; fileEncoding = 4; lastKnownFileType = sourcecode.c.h; path = SHKiOSTwitter.h; sourceTree = "<group>"; };
		7F2AD54917EDE9B40096EC8D /* SHKiOSTwitter.m */ = {isa = PBXFileReference; fileEncoding = 4; lastKnownFileType = sourcecode.c.objc; path = SHKiOSTwitter.m; sourceTree = "<group>"; };
		7F2AD55617EDE9B40096EC8D /* SHKShareFileIcon.png */ = {isa = PBXFileReference; lastKnownFileType = image.png; path = SHKShareFileIcon.png; sourceTree = "<group>"; };
		7F2AD55717EDE9B40096EC8D /* SHKShareFileIcon@2x.png */ = {isa = PBXFileReference; lastKnownFileType = image.png; path = "SHKShareFileIcon@2x.png"; sourceTree = "<group>"; };
		7F2AD55917EDE9B40096EC8D /* SHKActionSheet.h */ = {isa = PBXFileReference; fileEncoding = 4; lastKnownFileType = sourcecode.c.h; path = SHKActionSheet.h; sourceTree = "<group>"; };
		7F2AD55A17EDE9B40096EC8D /* SHKActionSheet.m */ = {isa = PBXFileReference; fileEncoding = 4; lastKnownFileType = sourcecode.c.objc; path = SHKActionSheet.m; sourceTree = "<group>"; };
		7F2AD55B17EDE9B40096EC8D /* SHKActivityIndicator.h */ = {isa = PBXFileReference; fileEncoding = 4; lastKnownFileType = sourcecode.c.h; path = SHKActivityIndicator.h; sourceTree = "<group>"; };
		7F2AD55C17EDE9B40096EC8D /* SHKActivityIndicator.m */ = {isa = PBXFileReference; fileEncoding = 4; lastKnownFileType = sourcecode.c.objc; path = SHKActivityIndicator.m; sourceTree = "<group>"; };
		7F2AD55F17EDE9B40096EC8D /* SHKFormFieldCell.h */ = {isa = PBXFileReference; fileEncoding = 4; lastKnownFileType = sourcecode.c.h; path = SHKFormFieldCell.h; sourceTree = "<group>"; };
		7F2AD56017EDE9B40096EC8D /* SHKFormFieldCell.m */ = {isa = PBXFileReference; fileEncoding = 4; lastKnownFileType = sourcecode.c.objc; path = SHKFormFieldCell.m; sourceTree = "<group>"; };
		7F2AD56117EDE9B40096EC8D /* SHKFormFieldCell_PrivateProperties.h */ = {isa = PBXFileReference; fileEncoding = 4; lastKnownFileType = sourcecode.c.h; path = SHKFormFieldCell_PrivateProperties.h; sourceTree = "<group>"; };
		7F2AD56217EDE9B40096EC8D /* SHKFormFieldCellOptionPicker.h */ = {isa = PBXFileReference; fileEncoding = 4; lastKnownFileType = sourcecode.c.h; path = SHKFormFieldCellOptionPicker.h; sourceTree = "<group>"; };
		7F2AD56317EDE9B40096EC8D /* SHKFormFieldCellOptionPicker.m */ = {isa = PBXFileReference; fileEncoding = 4; lastKnownFileType = sourcecode.c.objc; path = SHKFormFieldCellOptionPicker.m; sourceTree = "<group>"; };
		7F2AD56417EDE9B40096EC8D /* SHKFormFieldCellSwitch.h */ = {isa = PBXFileReference; fileEncoding = 4; lastKnownFileType = sourcecode.c.h; path = SHKFormFieldCellSwitch.h; sourceTree = "<group>"; };
		7F2AD56517EDE9B40096EC8D /* SHKFormFieldCellSwitch.m */ = {isa = PBXFileReference; fileEncoding = 4; lastKnownFileType = sourcecode.c.objc; path = SHKFormFieldCellSwitch.m; sourceTree = "<group>"; };
		7F2AD56617EDE9B40096EC8D /* SHKFormFieldCellText.h */ = {isa = PBXFileReference; fileEncoding = 4; lastKnownFileType = sourcecode.c.h; path = SHKFormFieldCellText.h; sourceTree = "<group>"; };
		7F2AD56717EDE9B40096EC8D /* SHKFormFieldCellText.m */ = {isa = PBXFileReference; fileEncoding = 4; lastKnownFileType = sourcecode.c.objc; path = SHKFormFieldCellText.m; sourceTree = "<group>"; };
		7F2AD56A17EDE9B40096EC8D /* SHKFormFieldLargeTextSettings.h */ = {isa = PBXFileReference; fileEncoding = 4; lastKnownFileType = sourcecode.c.h; path = SHKFormFieldLargeTextSettings.h; sourceTree = "<group>"; };
		7F2AD56B17EDE9B40096EC8D /* SHKFormFieldLargeTextSettings.m */ = {isa = PBXFileReference; fileEncoding = 4; lastKnownFileType = sourcecode.c.objc; path = SHKFormFieldLargeTextSettings.m; sourceTree = "<group>"; };
		7F2AD56C17EDE9B40096EC8D /* SHKFormFieldOptionPickerSettings.h */ = {isa = PBXFileReference; fileEncoding = 4; lastKnownFileType = sourcecode.c.h; path = SHKFormFieldOptionPickerSettings.h; sourceTree = "<group>"; };
		7F2AD56D17EDE9B40096EC8D /* SHKFormFieldOptionPickerSettings.m */ = {isa = PBXFileReference; fileEncoding = 4; lastKnownFileType = sourcecode.c.objc; path = SHKFormFieldOptionPickerSettings.m; sourceTree = "<group>"; };
		7F2AD56E17EDE9B40096EC8D /* SHKFormFieldSettings.h */ = {isa = PBXFileReference; fileEncoding = 4; lastKnownFileType = sourcecode.c.h; path = SHKFormFieldSettings.h; sourceTree = "<group>"; };
		7F2AD56F17EDE9B40096EC8D /* SHKFormFieldSettings.m */ = {isa = PBXFileReference; fileEncoding = 4; lastKnownFileType = sourcecode.c.objc; path = SHKFormFieldSettings.m; sourceTree = "<group>"; };
		7F2AD57017EDE9B40096EC8D /* SHKFormOptionController.h */ = {isa = PBXFileReference; fileEncoding = 4; lastKnownFileType = sourcecode.c.h; path = SHKFormOptionController.h; sourceTree = "<group>"; };
		7F2AD57117EDE9B40096EC8D /* SHKFormOptionController.m */ = {isa = PBXFileReference; fileEncoding = 4; lastKnownFileType = sourcecode.c.objc; path = SHKFormOptionController.m; sourceTree = "<group>"; };
		7F2AD57417EDE9B40096EC8D /* SHKShareItemDelegate.h */ = {isa = PBXFileReference; fileEncoding = 4; lastKnownFileType = sourcecode.c.h; path = SHKShareItemDelegate.h; sourceTree = "<group>"; };
		7F2AD57517EDE9B40096EC8D /* SHKShareMenu.h */ = {isa = PBXFileReference; fileEncoding = 4; lastKnownFileType = sourcecode.c.h; path = SHKShareMenu.h; sourceTree = "<group>"; };
		7F2AD57617EDE9B40096EC8D /* SHKShareMenu.m */ = {isa = PBXFileReference; fileEncoding = 4; lastKnownFileType = sourcecode.c.objc; path = SHKShareMenu.m; sourceTree = "<group>"; };
		7F2E97DA17DBDF9D003598EC /* CellVenue.h */ = {isa = PBXFileReference; fileEncoding = 4; lastKnownFileType = sourcecode.c.h; name = CellVenue.h; path = InstaCar/TableCells/CellVenue.h; sourceTree = "<group>"; };
		7F2E97DB17DBDF9D003598EC /* CellVenue.m */ = {isa = PBXFileReference; fileEncoding = 4; lastKnownFileType = sourcecode.c.objc; name = CellVenue.m; path = InstaCar/TableCells/CellVenue.m; sourceTree = "<group>"; };
		7F3648B1180F2A1900B95693 /* FirstTimeInfoVC.h */ = {isa = PBXFileReference; fileEncoding = 4; lastKnownFileType = sourcecode.c.h; name = FirstTimeInfoVC.h; path = InstaCar/FirstTimeInfoVC.h; sourceTree = "<group>"; };
		7F3648B2180F2A1900B95693 /* FirstTimeInfoVC.m */ = {isa = PBXFileReference; fileEncoding = 4; lastKnownFileType = sourcecode.c.objc; name = FirstTimeInfoVC.m; path = InstaCar/FirstTimeInfoVC.m; sourceTree = "<group>"; };
		7F3871D217BE4B7900D8E39D /* main.storyboard */ = {isa = PBXFileReference; fileEncoding = 4; lastKnownFileType = file.storyboard; path = main.storyboard; sourceTree = "<group>"; };
		7F3871D417BE4CA900D8E39D /* MainNavController.h */ = {isa = PBXFileReference; fileEncoding = 4; lastKnownFileType = sourcecode.c.h; path = MainNavController.h; sourceTree = "<group>"; };
		7F3871D517BE4CA900D8E39D /* MainNavController.m */ = {isa = PBXFileReference; fileEncoding = 4; lastKnownFileType = sourcecode.c.objc; path = MainNavController.m; sourceTree = "<group>"; };
		7F3871D717BE4D4C00D8E39D /* MainVC.h */ = {isa = PBXFileReference; fileEncoding = 4; lastKnownFileType = sourcecode.c.h; path = MainVC.h; sourceTree = "<group>"; };
		7F3871D817BE4D4C00D8E39D /* MainVC.m */ = {isa = PBXFileReference; fileEncoding = 4; lastKnownFileType = sourcecode.c.objc; path = MainVC.m; sourceTree = "<group>"; };
		7F3871DC17BE4F1000D8E39D /* DDMenuController.h */ = {isa = PBXFileReference; fileEncoding = 4; lastKnownFileType = sourcecode.c.h; path = DDMenuController.h; sourceTree = "<group>"; };
		7F3871DD17BE4F1000D8E39D /* DDMenuController.m */ = {isa = PBXFileReference; fileEncoding = 4; lastKnownFileType = sourcecode.c.objc; path = DDMenuController.m; sourceTree = "<group>"; };
		7F3871DF17BE5A4F00D8E39D /* AppMenuTableVC.h */ = {isa = PBXFileReference; fileEncoding = 4; lastKnownFileType = sourcecode.c.h; path = AppMenuTableVC.h; sourceTree = "<group>"; };
		7F3871E017BE5A4F00D8E39D /* AppMenuTableVC.m */ = {isa = PBXFileReference; fileEncoding = 4; lastKnownFileType = sourcecode.c.objc; path = AppMenuTableVC.m; sourceTree = "<group>"; };
		7F3A16FF17F627A200584614 /* UIAlphaGradientView.h */ = {isa = PBXFileReference; fileEncoding = 4; lastKnownFileType = sourcecode.c.h; path = UIAlphaGradientView.h; sourceTree = "<group>"; };
		7F3A170017F627A200584614 /* UIAlphaGradientView.m */ = {isa = PBXFileReference; fileEncoding = 4; lastKnownFileType = sourcecode.c.objc; path = UIAlphaGradientView.m; sourceTree = "<group>"; };
		7F419E2517D65EBB00255E56 /* CellSkinSet.h */ = {isa = PBXFileReference; fileEncoding = 4; lastKnownFileType = sourcecode.c.h; name = CellSkinSet.h; path = InstaCar/TableCells/CellSkinSet.h; sourceTree = "<group>"; };
		7F419E2617D65EBB00255E56 /* CellSkinSet.m */ = {isa = PBXFileReference; fileEncoding = 4; lastKnownFileType = sourcecode.c.objc; name = CellSkinSet.m; path = InstaCar/TableCells/CellSkinSet.m; sourceTree = "<group>"; };
		7F419E2B17D6698000255E56 /* CellAuto.h */ = {isa = PBXFileReference; fileEncoding = 4; lastKnownFileType = sourcecode.c.h; name = CellAuto.h; path = InstaCar/TableCells/CellAuto.h; sourceTree = "<group>"; };
		7F419E2C17D6698000255E56 /* CellAuto.m */ = {isa = PBXFileReference; fileEncoding = 4; lastKnownFileType = sourcecode.c.objc; name = CellAuto.m; path = InstaCar/TableCells/CellAuto.m; sourceTree = "<group>"; };
		7F4CB667180977DF008B5CA2 /* iCloudHandler.h */ = {isa = PBXFileReference; fileEncoding = 4; lastKnownFileType = sourcecode.c.h; name = iCloudHandler.h; path = InstaCar/Core/iCloudHandler.h; sourceTree = "<group>"; };
		7F4CB668180977DF008B5CA2 /* iCloudHandler.m */ = {isa = PBXFileReference; fileEncoding = 4; lastKnownFileType = sourcecode.c.objc; name = iCloudHandler.m; path = InstaCar/Core/iCloudHandler.m; sourceTree = "<group>"; };
		7F4CB66B180978CF008B5CA2 /* CustomSHKConfigurator.h */ = {isa = PBXFileReference; fileEncoding = 4; lastKnownFileType = sourcecode.c.h; name = CustomSHKConfigurator.h; path = InstaCar/Core/CustomSHKConfigurator.h; sourceTree = "<group>"; };
		7F4CB66C180978CF008B5CA2 /* CustomSHKConfigurator.m */ = {isa = PBXFileReference; fileEncoding = 4; lastKnownFileType = sourcecode.c.objc; name = CustomSHKConfigurator.m; path = InstaCar/Core/CustomSHKConfigurator.m; sourceTree = "<group>"; };
		7F4CB66D180978CF008B5CA2 /* DataManager.h */ = {isa = PBXFileReference; fileEncoding = 4; lastKnownFileType = sourcecode.c.h; name = DataManager.h; path = InstaCar/Core/DataManager.h; sourceTree = "<group>"; };
		7F4CB66E180978CF008B5CA2 /* DataManager.m */ = {isa = PBXFileReference; fileEncoding = 4; lastKnownFileType = sourcecode.c.objc; name = DataManager.m; path = InstaCar/Core/DataManager.m; sourceTree = "<group>"; };
		7F4CB66F180978CF008B5CA2 /* SkinProvider.h */ = {isa = PBXFileReference; fileEncoding = 4; lastKnownFileType = sourcecode.c.h; name = SkinProvider.h; path = InstaCar/Core/SkinProvider.h; sourceTree = "<group>"; };
		7F4CB670180978CF008B5CA2 /* SkinProvider.m */ = {isa = PBXFileReference; fileEncoding = 4; lastKnownFileType = sourcecode.c.objc; name = SkinProvider.m; path = InstaCar/Core/SkinProvider.m; sourceTree = "<group>"; };
		7F4CB671180978CF008B5CA2 /* UserSettings.h */ = {isa = PBXFileReference; fileEncoding = 4; lastKnownFileType = sourcecode.c.h; name = UserSettings.h; path = InstaCar/Core/UserSettings.h; sourceTree = "<group>"; };
		7F4CB672180978CF008B5CA2 /* UserSettings.m */ = {isa = PBXFileReference; fileEncoding = 4; lastKnownFileType = sourcecode.c.objc; name = UserSettings.m; path = InstaCar/Core/UserSettings.m; sourceTree = "<group>"; };
		7F4CB673180978CF008B5CA2 /* Utils.h */ = {isa = PBXFileReference; fileEncoding = 4; lastKnownFileType = sourcecode.c.h; name = Utils.h; path = InstaCar/Core/Utils.h; sourceTree = "<group>"; };
		7F4CB674180978CF008B5CA2 /* Utils.m */ = {isa = PBXFileReference; fileEncoding = 4; lastKnownFileType = sourcecode.c.objc; name = Utils.m; path = InstaCar/Core/Utils.m; sourceTree = "<group>"; };
		7F4CB675180978CF008B5CA2 /* VenueProvider.h */ = {isa = PBXFileReference; fileEncoding = 4; lastKnownFileType = sourcecode.c.h; name = VenueProvider.h; path = InstaCar/Core/VenueProvider.h; sourceTree = "<group>"; };
		7F4CB676180978CF008B5CA2 /* VenueProvider.m */ = {isa = PBXFileReference; fileEncoding = 4; lastKnownFileType = sourcecode.c.objc; name = VenueProvider.m; path = InstaCar/Core/VenueProvider.m; sourceTree = "<group>"; };
		7F4CB67F18097908008B5CA2 /* LocationSimple.h */ = {isa = PBXFileReference; fileEncoding = 4; lastKnownFileType = sourcecode.c.h; path = LocationSimple.h; sourceTree = "<group>"; };
		7F4CB68018097908008B5CA2 /* LocationSimple.m */ = {isa = PBXFileReference; fileEncoding = 4; lastKnownFileType = sourcecode.c.objc; path = LocationSimple.m; sourceTree = "<group>"; };
		7F4CB68118097908008B5CA2 /* LogoNameLeft.h */ = {isa = PBXFileReference; fileEncoding = 4; lastKnownFileType = sourcecode.c.h; path = LogoNameLeft.h; sourceTree = "<group>"; };
		7F4CB68218097908008B5CA2 /* LogoNameLeft.m */ = {isa = PBXFileReference; fileEncoding = 4; lastKnownFileType = sourcecode.c.objc; path = LogoNameLeft.m; sourceTree = "<group>"; };
		7F4CB68318097908008B5CA2 /* LogoRight.h */ = {isa = PBXFileReference; fileEncoding = 4; lastKnownFileType = sourcecode.c.h; path = LogoRight.h; sourceTree = "<group>"; };
		7F4CB68418097908008B5CA2 /* LogoRight.m */ = {isa = PBXFileReference; fileEncoding = 4; lastKnownFileType = sourcecode.c.objc; path = LogoRight.m; sourceTree = "<group>"; };
		7F4CB68518097908008B5CA2 /* SetDefault.h */ = {isa = PBXFileReference; fileEncoding = 4; lastKnownFileType = sourcecode.c.h; path = SetDefault.h; sourceTree = "<group>"; };
		7F4CB68618097908008B5CA2 /* SetDefault.m */ = {isa = PBXFileReference; fileEncoding = 4; lastKnownFileType = sourcecode.c.objc; path = SetDefault.m; sourceTree = "<group>"; };
		7F4CB68718097908008B5CA2 /* SetDefault.xib */ = {isa = PBXFileReference; fileEncoding = 4; lastKnownFileType = file.xib; path = SetDefault.xib; sourceTree = "<group>"; };
		7F4CB68818097908008B5CA2 /* SkinSimple.h */ = {isa = PBXFileReference; fileEncoding = 4; lastKnownFileType = sourcecode.c.h; path = SkinSimple.h; sourceTree = "<group>"; };
		7F4CB68918097908008B5CA2 /* SkinSimple.m */ = {isa = PBXFileReference; fileEncoding = 4; lastKnownFileType = sourcecode.c.objc; path = SkinSimple.m; sourceTree = "<group>"; };
		7F4CB68A18097908008B5CA2 /* SkinSimple2.h */ = {isa = PBXFileReference; fileEncoding = 4; lastKnownFileType = sourcecode.c.h; path = SkinSimple2.h; sourceTree = "<group>"; };
		7F4CB68B18097908008B5CA2 /* SkinSimple2.m */ = {isa = PBXFileReference; fileEncoding = 4; lastKnownFileType = sourcecode.c.objc; path = SkinSimple2.m; sourceTree = "<group>"; };
		7F4CB68C18097908008B5CA2 /* SkinViewBase.h */ = {isa = PBXFileReference; fileEncoding = 4; lastKnownFileType = sourcecode.c.h; path = SkinViewBase.h; sourceTree = "<group>"; };
		7F4CB68D18097908008B5CA2 /* SkinViewBase.m */ = {isa = PBXFileReference; fileEncoding = 4; lastKnownFileType = sourcecode.c.objc; path = SkinViewBase.m; sourceTree = "<group>"; };
		7F4ECC2B17C8062800BF1671 /* SideViewControllerBase.h */ = {isa = PBXFileReference; fileEncoding = 4; lastKnownFileType = sourcecode.c.h; path = SideViewControllerBase.h; sourceTree = "<group>"; };
		7F4ECC2C17C8062800BF1671 /* SideViewControllerBase.m */ = {isa = PBXFileReference; fileEncoding = 4; lastKnownFileType = sourcecode.c.objc; path = SideViewControllerBase.m; sourceTree = "<group>"; };
		7F4F683E17F6F97600F1017B /* HFImageEditorFrameView.h */ = {isa = PBXFileReference; fileEncoding = 4; lastKnownFileType = sourcecode.c.h; path = HFImageEditorFrameView.h; sourceTree = "<group>"; };
		7F4F683F17F6F97600F1017B /* HFImageEditorFrameView.m */ = {isa = PBXFileReference; fileEncoding = 4; lastKnownFileType = sourcecode.c.objc; path = HFImageEditorFrameView.m; sourceTree = "<group>"; };
		7F4F684017F6F97600F1017B /* HFImageEditorViewController+SubclassingHooks.h */ = {isa = PBXFileReference; fileEncoding = 4; lastKnownFileType = sourcecode.c.h; path = "HFImageEditorViewController+SubclassingHooks.h"; sourceTree = "<group>"; };
		7F4F684117F6F97600F1017B /* HFImageEditorViewController.h */ = {isa = PBXFileReference; fileEncoding = 4; lastKnownFileType = sourcecode.c.h; path = HFImageEditorViewController.h; sourceTree = "<group>"; };
		7F4F684217F6F97600F1017B /* HFImageEditorViewController.m */ = {isa = PBXFileReference; fileEncoding = 4; lastKnownFileType = sourcecode.c.objc; path = HFImageEditorViewController.m; sourceTree = "<group>"; };
		7F4F684517F6FDF500F1017B /* ImageEditor.h */ = {isa = PBXFileReference; fileEncoding = 4; lastKnownFileType = sourcecode.c.h; path = ImageEditor.h; sourceTree = "<group>"; };
		7F4F684617F6FDF500F1017B /* ImageEditor.m */ = {isa = PBXFileReference; fileEncoding = 4; lastKnownFileType = sourcecode.c.objc; path = ImageEditor.m; sourceTree = "<group>"; };
		7F4F684717F6FDF500F1017B /* ImageEditor.xib */ = {isa = PBXFileReference; fileEncoding = 4; lastKnownFileType = file.xib; path = ImageEditor.xib; sourceTree = "<group>"; };
		7F4FE8901826FF0B00045ABD /* SkinLogoCountryBadge.h */ = {isa = PBXFileReference; fileEncoding = 4; lastKnownFileType = sourcecode.c.h; path = SkinLogoCountryBadge.h; sourceTree = "<group>"; };
		7F4FE8911826FF0B00045ABD /* SkinLogoCountryBadge.m */ = {isa = PBXFileReference; fileEncoding = 4; lastKnownFileType = sourcecode.c.objc; path = SkinLogoCountryBadge.m; sourceTree = "<group>"; };
		7F544A3718085377001FFEC3 /* ALAssetsLibrary+CustomPhotoAlbum.h */ = {isa = PBXFileReference; fileEncoding = 4; lastKnownFileType = sourcecode.c.h; path = "ALAssetsLibrary+CustomPhotoAlbum.h"; sourceTree = "<group>"; };
		7F544A3818085378001FFEC3 /* ALAssetsLibrary+CustomPhotoAlbum.m */ = {isa = PBXFileReference; fileEncoding = 4; lastKnownFileType = sourcecode.c.objc; path = "ALAssetsLibrary+CustomPhotoAlbum.m"; sourceTree = "<group>"; };
		7F59AC5B17D3BA4700B87457 /* AutoModel.h */ = {isa = PBXFileReference; fileEncoding = 4; lastKnownFileType = sourcecode.c.h; name = AutoModel.h; path = InstaCar/Data/AutoModel.h; sourceTree = "<group>"; };
		7F59AC5C17D3BA4700B87457 /* AutoModel.m */ = {isa = PBXFileReference; fileEncoding = 4; lastKnownFileType = sourcecode.c.objc; name = AutoModel.m; path = InstaCar/Data/AutoModel.m; sourceTree = "<group>"; };
		7F59AC5E17D3C1F400B87457 /* libsqlite3.0.dylib */ = {isa = PBXFileReference; lastKnownFileType = "compiled.mach-o.dylib"; name = libsqlite3.0.dylib; path = usr/lib/libsqlite3.0.dylib; sourceTree = SDKROOT; };
		7F5AC64B17CC06CE00C01658 /* Auto.h */ = {isa = PBXFileReference; fileEncoding = 4; lastKnownFileType = sourcecode.c.h; name = Auto.h; path = InstaCar/Data/Auto.h; sourceTree = "<group>"; };
		7F5AC64C17CC06CE00C01658 /* Auto.m */ = {isa = PBXFileReference; fileEncoding = 4; lastKnownFileType = sourcecode.c.objc; name = Auto.m; path = InstaCar/Data/Auto.m; sourceTree = "<group>"; };
		7F5C46651811E87900DF94B1 /* ProInfoVC.h */ = {isa = PBXFileReference; fileEncoding = 4; lastKnownFileType = sourcecode.c.h; name = ProInfoVC.h; path = InstaCar/ProInfoVC.h; sourceTree = "<group>"; };
		7F5C46661811E87900DF94B1 /* ProInfoVC.m */ = {isa = PBXFileReference; fileEncoding = 4; lastKnownFileType = sourcecode.c.objc; name = ProInfoVC.m; path = InstaCar/ProInfoVC.m; sourceTree = "<group>"; };
		7F62E7851808ABA00017136F /* InstaCar.entitlements */ = {isa = PBXFileReference; lastKnownFileType = text.xml; path = InstaCar.entitlements; sourceTree = "<group>"; };
		7F72A06317D7AED10075FC0B /* AutoSubmodel.h */ = {isa = PBXFileReference; fileEncoding = 4; lastKnownFileType = sourcecode.c.h; name = AutoSubmodel.h; path = InstaCar/Data/AutoSubmodel.h; sourceTree = "<group>"; };
		7F72A06417D7AED10075FC0B /* AutoSubmodel.m */ = {isa = PBXFileReference; fileEncoding = 4; lastKnownFileType = sourcecode.c.objc; name = AutoSubmodel.m; path = InstaCar/Data/AutoSubmodel.m; sourceTree = "<group>"; };
		7F7FF46E17CF8634000E0ABD /* Location.h */ = {isa = PBXFileReference; fileEncoding = 4; lastKnownFileType = sourcecode.c.h; name = Location.h; path = InstaCar/Data/Location.h; sourceTree = "<group>"; };
		7F7FF46F17CF8634000E0ABD /* Location.m */ = {isa = PBXFileReference; fileEncoding = 4; lastKnownFileType = sourcecode.c.objc; name = Location.m; path = InstaCar/Data/Location.m; sourceTree = "<group>"; };
		7F882C1F1832EBE50083CFC9 /* SetVersus.h */ = {isa = PBXFileReference; fileEncoding = 4; lastKnownFileType = sourcecode.c.h; name = SetVersus.h; path = SetVersus/SetVersus.h; sourceTree = "<group>"; };
		7F882C201832EBE50083CFC9 /* SetVersus.m */ = {isa = PBXFileReference; fileEncoding = 4; lastKnownFileType = sourcecode.c.objc; name = SetVersus.m; path = SetVersus/SetVersus.m; sourceTree = "<group>"; };
		7F882C211832EBE50083CFC9 /* SetVersus.xib */ = {isa = PBXFileReference; fileEncoding = 4; lastKnownFileType = file.xib; name = SetVersus.xib; path = SetVersus/SetVersus.xib; sourceTree = "<group>"; };
		7F882C221832EBE50083CFC9 /* SkinVersusName.h */ = {isa = PBXFileReference; fileEncoding = 4; lastKnownFileType = sourcecode.c.h; name = SkinVersusName.h; path = SetVersus/SkinVersusName.h; sourceTree = "<group>"; };
		7F882C231832EBE50083CFC9 /* SkinVersusName.m */ = {isa = PBXFileReference; fileEncoding = 4; lastKnownFileType = sourcecode.c.objc; name = SkinVersusName.m; path = SetVersus/SkinVersusName.m; sourceTree = "<group>"; };
		7F882C271832ECC60083CFC9 /* SkinSetBase.h */ = {isa = PBXFileReference; fileEncoding = 4; lastKnownFileType = sourcecode.c.h; path = SkinSetBase.h; sourceTree = "<group>"; };
		7F882C281832ECC60083CFC9 /* SkinSetBase.m */ = {isa = PBXFileReference; fileEncoding = 4; lastKnownFileType = sourcecode.c.objc; path = SkinSetBase.m; sourceTree = "<group>"; };
		7F9656D71866F463000325B9 /* SkinVersusLogo.h */ = {isa = PBXFileReference; fileEncoding = 4; lastKnownFileType = sourcecode.c.h; name = SkinVersusLogo.h; path = SetVersus/SkinVersusLogo.h; sourceTree = "<group>"; };
		7F9656D81866F463000325B9 /* SkinVersusLogo.m */ = {isa = PBXFileReference; fileEncoding = 4; lastKnownFileType = sourcecode.c.objc; name = SkinVersusLogo.m; path = SetVersus/SkinVersusLogo.m; sourceTree = "<group>"; };
		7FB233B117D6773C003751B5 /* CellSelectedAuto.h */ = {isa = PBXFileReference; fileEncoding = 4; lastKnownFileType = sourcecode.c.h; name = CellSelectedAuto.h; path = InstaCar/TableCells/CellSelectedAuto.h; sourceTree = "<group>"; };
		7FB233B217D6773C003751B5 /* CellSelectedAuto.m */ = {isa = PBXFileReference; fileEncoding = 4; lastKnownFileType = sourcecode.c.objc; name = CellSelectedAuto.m; path = InstaCar/TableCells/CellSelectedAuto.m; sourceTree = "<group>"; };
		7FC4136B17C7E8450025DD2C /* Foursquare2.h */ = {isa = PBXFileReference; fileEncoding = 4; lastKnownFileType = sourcecode.c.h; path = Foursquare2.h; sourceTree = "<group>"; };
		7FC4136C17C7E8450025DD2C /* Foursquare2.m */ = {isa = PBXFileReference; fileEncoding = 4; lastKnownFileType = sourcecode.c.objc; path = Foursquare2.m; sourceTree = "<group>"; };
		7FC4136D17C7E8450025DD2C /* FSConverter.h */ = {isa = PBXFileReference; fileEncoding = 4; lastKnownFileType = sourcecode.c.h; path = FSConverter.h; sourceTree = "<group>"; };
		7FC4136E17C7E8450025DD2C /* FSConverter.m */ = {isa = PBXFileReference; fileEncoding = 4; lastKnownFileType = sourcecode.c.objc; path = FSConverter.m; sourceTree = "<group>"; };
		7FC4136F17C7E8450025DD2C /* FSRequester.h */ = {isa = PBXFileReference; fileEncoding = 4; lastKnownFileType = sourcecode.c.h; path = FSRequester.h; sourceTree = "<group>"; };
		7FC4137017C7E8450025DD2C /* FSRequester.m */ = {isa = PBXFileReference; fileEncoding = 4; lastKnownFileType = sourcecode.c.objc; path = FSRequester.m; sourceTree = "<group>"; };
		7FC4137117C7E8450025DD2C /* FSTargetCallback.h */ = {isa = PBXFileReference; fileEncoding = 4; lastKnownFileType = sourcecode.c.h; path = FSTargetCallback.h; sourceTree = "<group>"; };
		7FC4137217C7E8450025DD2C /* FSTargetCallback.m */ = {isa = PBXFileReference; fileEncoding = 4; lastKnownFileType = sourcecode.c.objc; path = FSTargetCallback.m; sourceTree = "<group>"; };
		7FC4137317C7E8450025DD2C /* FSVenue.h */ = {isa = PBXFileReference; fileEncoding = 4; lastKnownFileType = sourcecode.c.h; path = FSVenue.h; sourceTree = "<group>"; };
		7FC4137417C7E8450025DD2C /* FSVenue.m */ = {isa = PBXFileReference; fileEncoding = 4; lastKnownFileType = sourcecode.c.objc; path = FSVenue.m; sourceTree = "<group>"; };
		7FC4137A17C7EFF70025DD2C /* LocationsVC.h */ = {isa = PBXFileReference; fileEncoding = 4; lastKnownFileType = sourcecode.c.h; path = LocationsVC.h; sourceTree = "<group>"; };
		7FC4137B17C7EFF70025DD2C /* LocationsVC.m */ = {isa = PBXFileReference; fileEncoding = 4; lastKnownFileType = sourcecode.c.objc; path = LocationsVC.m; sourceTree = "<group>"; };
		7FCD262A17F5BFEC00BFDF4E /* SMPageControl.h */ = {isa = PBXFileReference; fileEncoding = 4; lastKnownFileType = sourcecode.c.h; path = SMPageControl.h; sourceTree = "<group>"; };
		7FCD262B17F5BFEC00BFDF4E /* SMPageControl.m */ = {isa = PBXFileReference; fileEncoding = 4; lastKnownFileType = sourcecode.c.objc; path = SMPageControl.m; sourceTree = "<group>"; };
		7FD356321805E704008EC167 /* CustomCarFormVC.h */ = {isa = PBXFileReference; fileEncoding = 4; lastKnownFileType = sourcecode.c.h; path = CustomCarFormVC.h; sourceTree = "<group>"; };
		7FD356331805E704008EC167 /* CustomCarFormVC.m */ = {isa = PBXFileReference; fileEncoding = 4; lastKnownFileType = sourcecode.c.objc; path = CustomCarFormVC.m; sourceTree = "<group>"; };
		7FD7659518D4895A00F43E92 /* db.sqlite */ = {isa = PBXFileReference; lastKnownFileType = file; path = db.sqlite; sourceTree = "<group>"; };
		7FEF908717D505E800C07A05 /* AutosVC.h */ = {isa = PBXFileReference; fileEncoding = 4; lastKnownFileType = sourcecode.c.h; name = AutosVC.h; path = InstaCar/AutosVC.h; sourceTree = "<group>"; };
		7FEF908817D505E800C07A05 /* AutosVC.m */ = {isa = PBXFileReference; fileEncoding = 4; lastKnownFileType = sourcecode.c.objc; name = AutosVC.m; path = InstaCar/AutosVC.m; sourceTree = "<group>"; };
		7FF3389117D4C0E700B046C4 /* SkinsVC.h */ = {isa = PBXFileReference; fileEncoding = 4; lastKnownFileType = sourcecode.c.h; name = SkinsVC.h; path = InstaCar/SkinsVC.h; sourceTree = "<group>"; };
		7FF3389217D4C0E700B046C4 /* SkinsVC.m */ = {isa = PBXFileReference; fileEncoding = 4; lastKnownFileType = sourcecode.c.objc; name = SkinsVC.m; path = InstaCar/SkinsVC.m; sourceTree = "<group>"; };
		7FFEBC5417DBA54F00B1DC9A /* auto_logos.xcassets */ = {isa = PBXFileReference; lastKnownFileType = folder.assetcatalog; name = auto_logos.xcassets; path = InstaCar/Data/auto_logos.xcassets; sourceTree = "<group>"; };
/* End PBXFileReference section */

/* Begin PBXFrameworksBuildPhase section */
		7F27670B1791E80000A1C1A0 /* Frameworks */ = {
			isa = PBXFrameworksBuildPhase;
			buildActionMask = 2147483647;
			files = (
				7F59AC5F17D3C1F400B87457 /* libsqlite3.0.dylib in Frameworks */,
			);
			runOnlyForDeploymentPostprocessing = 0;
		};
		7F27672C1791E80000A1C1A0 /* Frameworks */ = {
			isa = PBXFrameworksBuildPhase;
			buildActionMask = 2147483647;
			files = (
			);
			runOnlyForDeploymentPostprocessing = 0;
		};
/* End PBXFrameworksBuildPhase section */

/* Begin PBXGroup section */
		7F2767051791E7FF00A1C1A0 = {
			isa = PBXGroup;
			children = (
				7F3871DB17BE4F1000D8E39D /* 3rdParty */,
				7F4CB66A180977E9008B5CA2 /* Core */,
				7F5AC64117CBFFDD00C01658 /* Data */,
				7F2767171791E80000A1C1A0 /* InstaCar */,
				7F2767361791E80000A1C1A0 /* InstaCarTests */,
				7F2767101791E80000A1C1A0 /* Frameworks */,
				7F27670F1791E80000A1C1A0 /* Products */,
			);
			sourceTree = "<group>";
		};
		7F27670F1791E80000A1C1A0 /* Products */ = {
			isa = PBXGroup;
			children = (
				7F27670E1791E80000A1C1A0 /* InstaCar.app */,
				7F27672F1791E80000A1C1A0 /* InstaCarTests.xctest */,
			);
			name = Products;
			sourceTree = "<group>";
		};
		7F2767101791E80000A1C1A0 /* Frameworks */ = {
			isa = PBXGroup;
			children = (
				7F59AC5E17D3C1F400B87457 /* libsqlite3.0.dylib */,
			);
			name = Frameworks;
			sourceTree = "<group>";
		};
		7F2767171791E80000A1C1A0 /* InstaCar */ = {
			isa = PBXGroup;
			children = (
				7F419E1D17D6549C00255E56 /* TableCells */,
				7F3871D217BE4B7900D8E39D /* main.storyboard */,
				7F3871D417BE4CA900D8E39D /* MainNavController.h */,
				7F3871D517BE4CA900D8E39D /* MainNavController.m */,
				7F3871D717BE4D4C00D8E39D /* MainVC.h */,
				7F3871D817BE4D4C00D8E39D /* MainVC.m */,
				7F4ECC2B17C8062800BF1671 /* SideViewControllerBase.h */,
				7F4ECC2C17C8062800BF1671 /* SideViewControllerBase.m */,
				7F3871DF17BE5A4F00D8E39D /* AppMenuTableVC.h */,
				7F3871E017BE5A4F00D8E39D /* AppMenuTableVC.m */,
				7FC4137A17C7EFF70025DD2C /* LocationsVC.h */,
				7FC4137B17C7EFF70025DD2C /* LocationsVC.m */,
				7FF3389117D4C0E700B046C4 /* SkinsVC.h */,
				7FF3389217D4C0E700B046C4 /* SkinsVC.m */,
				7FEF908717D505E800C07A05 /* AutosVC.h */,
				7FEF908817D505E800C07A05 /* AutosVC.m */,
				7FD356321805E704008EC167 /* CustomCarFormVC.h */,
				7FD356331805E704008EC167 /* CustomCarFormVC.m */,
				7F3648B1180F2A1900B95693 /* FirstTimeInfoVC.h */,
				7F3648B2180F2A1900B95693 /* FirstTimeInfoVC.m */,
				7F5C46651811E87900DF94B1 /* ProInfoVC.h */,
				7F5C46661811E87900DF94B1 /* ProInfoVC.m */,
				7F2767291791E80000A1C1A0 /* Images.xcassets */,
				7F2767181791E80000A1C1A0 /* Supporting Files */,
				7F002D20180B49C60076879F /* Settings.bundle */,
				7F27AE071812F58E00168424 /* Settings_disabled.bundle */,
			);
			path = InstaCar;
			sourceTree = "<group>";
		};
		7F2767181791E80000A1C1A0 /* Supporting Files */ = {
			isa = PBXGroup;
			children = (
				7F2AD48017EDE9390096EC8D /* SHKCustomSharers.plist */,
				7F2767201791E80000A1C1A0 /* AppDelegate.h */,
				7F2767211791E80000A1C1A0 /* AppDelegate.m */,
				7F2767191791E80000A1C1A0 /* InstaCar-Info.plist */,
				7F27671A1791E80000A1C1A0 /* InfoPlist.strings */,
				7F27671D1791E80000A1C1A0 /* main.m */,
				7F27671F1791E80000A1C1A0 /* InstaCar-Prefix.pch */,
				7F62E7851808ABA00017136F /* InstaCar.entitlements */,
			);
			name = "Supporting Files";
			sourceTree = "<group>";
		};
		7F2767361791E80000A1C1A0 /* InstaCarTests */ = {
			isa = PBXGroup;
			children = (
				7F27673C1791E80000A1C1A0 /* InstaCarTests.m */,
				7F2767371791E80000A1C1A0 /* Supporting Files */,
			);
			path = InstaCarTests;
			sourceTree = "<group>";
		};
		7F2767371791E80000A1C1A0 /* Supporting Files */ = {
			isa = PBXGroup;
			children = (
				7F2767381791E80000A1C1A0 /* InstaCarTests-Info.plist */,
				7F2767391791E80000A1C1A0 /* InfoPlist.strings */,
			);
			name = "Supporting Files";
			sourceTree = "<group>";
		};
		7F2AD48217EDE9B40096EC8D /* ShareKit */ = {
			isa = PBXGroup;
			children = (
				7F2AD48317EDE9B40096EC8D /* Configuration */,
				7F2AD48817EDE9B40096EC8D /* Core */,
				7F2AD4D917EDE9B40096EC8D /* DETweetPaperClip.png */,
				7F2AD4DA17EDE9B40096EC8D /* DETweetPaperClip@2x.png */,
				7F2AD4DB17EDE9B40096EC8D /* DETweetURLAttachment.png */,
				7F2AD4DC17EDE9B40096EC8D /* DETweetURLAttachment@2x.png */,
				7F2AD4E117EDE9B40096EC8D /* Sharers */,
				7F2AD55617EDE9B40096EC8D /* SHKShareFileIcon.png */,
				7F2AD55717EDE9B40096EC8D /* SHKShareFileIcon@2x.png */,
				7F2AD55817EDE9B40096EC8D /* UI */,
			);
			path = ShareKit;
			sourceTree = "<group>";
		};
		7F2AD48317EDE9B40096EC8D /* Configuration */ = {
			isa = PBXGroup;
			children = (
				7F2AD48417EDE9B40096EC8D /* DefaultSHKConfigurator.h */,
				7F2AD48517EDE9B40096EC8D /* DefaultSHKConfigurator.m */,
				7F2AD48617EDE9B40096EC8D /* SHKConfiguration.h */,
				7F2AD48717EDE9B40096EC8D /* SHKConfiguration.m */,
			);
			path = Configuration;
			sourceTree = "<group>";
		};
		7F2AD48817EDE9B40096EC8D /* Core */ = {
			isa = PBXGroup;
			children = (
				7F2AD48917EDE9B40096EC8D /* Base Sharer Classes */,
				7F2AD49417EDE9B40096EC8D /* Categories */,
				7F2AD4A317EDE9B40096EC8D /* Helpers */,
				7F2AD4D117EDE9B40096EC8D /* ShareKit.h */,
				7F2AD4D217EDE9B40096EC8D /* SHK.h */,
				7F2AD4D317EDE9B40096EC8D /* SHK.m */,
				7F2AD4D417EDE9B40096EC8D /* SHKItem.h */,
				7F2AD4D517EDE9B40096EC8D /* SHKItem.m */,
				7F2AD4D817EDE9B40096EC8D /* SHKSharers.plist */,
			);
			path = Core;
			sourceTree = "<group>";
		};
		7F2AD48917EDE9B40096EC8D /* Base Sharer Classes */ = {
			isa = PBXGroup;
			children = (
				7F2AD48A17EDE9B40096EC8D /* SharersCommonHeaders.h */,
				7F2AD48B17EDE9B40096EC8D /* SHKiOSSharer.h */,
				7F2AD48C17EDE9B40096EC8D /* SHKiOSSharer.m */,
				7F2AD48D17EDE9B40096EC8D /* SHKiOSSharer_Protected.h */,
				7F2AD49017EDE9B40096EC8D /* SHKSharer.h */,
				7F2AD49117EDE9B40096EC8D /* SHKSharer.m */,
				7F2AD49217EDE9B40096EC8D /* SHKSharerDelegate.h */,
				7F2AD49317EDE9B40096EC8D /* SHKSharerDelegate.m */,
			);
			path = "Base Sharer Classes";
			sourceTree = "<group>";
		};
		7F2AD49417EDE9B40096EC8D /* Categories */ = {
			isa = PBXGroup;
			children = (
				7F2AD49717EDE9B40096EC8D /* NSArray+JoinValues.h */,
				7F2AD49817EDE9B40096EC8D /* NSArray+JoinValues.m */,
			);
			path = Categories;
			sourceTree = "<group>";
		};
		7F2AD4A317EDE9B40096EC8D /* Helpers */ = {
			isa = PBXGroup;
			children = (
				7F2AD4A517EDE9B40096EC8D /* FormControllerCallback.h */,
				7F2AD4C917EDE9B40096EC8D /* SHKFile.h */,
				7F2AD4CA17EDE9B40096EC8D /* SHKFile.m */,
				7F2AD4CB17EDE9B40096EC8D /* SHKRequest.h */,
				7F2AD4CC17EDE9B40096EC8D /* SHKRequest.m */,
				7F2AD4CD17EDE9B40096EC8D /* SHKXMLResponseParser.h */,
				7F2AD4CE17EDE9B40096EC8D /* SHKXMLResponseParser.m */,
				7F2AD4CF17EDE9B40096EC8D /* Singleton.h */,
				7F2AD4D017EDE9B40096EC8D /* SuppressPerformSelectorWarning.h */,
			);
			path = Helpers;
			sourceTree = "<group>";
		};
		7F2AD4E117EDE9B40096EC8D /* Sharers */ = {
			isa = PBXGroup;
			children = (
				7F2AD4E217EDE9B40096EC8D /* Actions */,
				7F2AD4F817EDE9B40096EC8D /* Services */,
			);
			path = Sharers;
			sourceTree = "<group>";
		};
		7F2AD4E217EDE9B40096EC8D /* Actions */ = {
			isa = PBXGroup;
			children = (
				7F2AD4E317EDE9B40096EC8D /* Copy */,
				7F2AD4E617EDE9B40096EC8D /* Email */,
				7F2AD4EC17EDE9B40096EC8D /* Open in Safari */,
				7F2AD4EF17EDE9B40096EC8D /* Print */,
				7F2AD4F217EDE9B40096EC8D /* Save to Album */,
				7F2AD4F517EDE9B40096EC8D /* Text Message */,
			);
			path = Actions;
			sourceTree = "<group>";
		};
		7F2AD4E317EDE9B40096EC8D /* Copy */ = {
			isa = PBXGroup;
			children = (
				7F2AD4E417EDE9B40096EC8D /* SHKCopy.h */,
				7F2AD4E517EDE9B40096EC8D /* SHKCopy.m */,
			);
			path = Copy;
			sourceTree = "<group>";
		};
		7F2AD4E617EDE9B40096EC8D /* Email */ = {
			isa = PBXGroup;
			children = (
				7F2AD4E717EDE9B40096EC8D /* SHKMail.h */,
				7F2AD4E817EDE9B40096EC8D /* SHKMail.m */,
			);
			path = Email;
			sourceTree = "<group>";
		};
		7F2AD4EC17EDE9B40096EC8D /* Open in Safari */ = {
			isa = PBXGroup;
			children = (
				7F2AD4ED17EDE9B40096EC8D /* SHKSafari.h */,
				7F2AD4EE17EDE9B40096EC8D /* SHKSafari.m */,
			);
			path = "Open in Safari";
			sourceTree = "<group>";
		};
		7F2AD4EF17EDE9B40096EC8D /* Print */ = {
			isa = PBXGroup;
			children = (
				7F2AD4F017EDE9B40096EC8D /* SHKPrint.h */,
				7F2AD4F117EDE9B40096EC8D /* SHKPrint.m */,
			);
			path = Print;
			sourceTree = "<group>";
		};
		7F2AD4F217EDE9B40096EC8D /* Save to Album */ = {
			isa = PBXGroup;
			children = (
				7F2AD4F317EDE9B40096EC8D /* SHKPhotoAlbum.h */,
				7F2AD4F417EDE9B40096EC8D /* SHKPhotoAlbum.m */,
			);
			path = "Save to Album";
			sourceTree = "<group>";
		};
		7F2AD4F517EDE9B40096EC8D /* Text Message */ = {
			isa = PBXGroup;
			children = (
				7F2AD4F617EDE9B40096EC8D /* SHKTextMessage.h */,
				7F2AD4F717EDE9B40096EC8D /* SHKTextMessage.m */,
			);
			path = "Text Message";
			sourceTree = "<group>";
		};
		7F2AD4F817EDE9B40096EC8D /* Services */ = {
			isa = PBXGroup;
			children = (
				7F2AD50C17EDE9B40096EC8D /* Facebook */,
				7F2AD52717EDE9B40096EC8D /* Instagram */,
				7F2AD54517EDE9B40096EC8D /* Twitter */,
			);
			path = Services;
			sourceTree = "<group>";
		};
		7F2AD50C17EDE9B40096EC8D /* Facebook */ = {
			isa = PBXGroup;
			children = (
				7F2AD50F17EDE9B40096EC8D /* SHKiOSFacebook.h */,
				7F2AD51017EDE9B40096EC8D /* SHKiOSFacebook.m */,
			);
			path = Facebook;
			sourceTree = "<group>";
		};
		7F2AD52717EDE9B40096EC8D /* Instagram */ = {
			isa = PBXGroup;
			children = (
				7F2AD52817EDE9B40096EC8D /* SHKInstagram.h */,
				7F2AD52917EDE9B40096EC8D /* SHKInstagram.m */,
			);
			path = Instagram;
			sourceTree = "<group>";
		};
		7F2AD54517EDE9B40096EC8D /* Twitter */ = {
			isa = PBXGroup;
			children = (
				7F2AD54817EDE9B40096EC8D /* SHKiOSTwitter.h */,
				7F2AD54917EDE9B40096EC8D /* SHKiOSTwitter.m */,
			);
			path = Twitter;
			sourceTree = "<group>";
		};
		7F2AD55817EDE9B40096EC8D /* UI */ = {
			isa = PBXGroup;
			children = (
				7F2AD55917EDE9B40096EC8D /* SHKActionSheet.h */,
				7F2AD55A17EDE9B40096EC8D /* SHKActionSheet.m */,
				7F2AD55B17EDE9B40096EC8D /* SHKActivityIndicator.h */,
				7F2AD55C17EDE9B40096EC8D /* SHKActivityIndicator.m */,
				7F2AD55F17EDE9B40096EC8D /* SHKFormFieldCell.h */,
				7F2AD56017EDE9B40096EC8D /* SHKFormFieldCell.m */,
				7F2AD56117EDE9B40096EC8D /* SHKFormFieldCell_PrivateProperties.h */,
				7F2AD56217EDE9B40096EC8D /* SHKFormFieldCellOptionPicker.h */,
				7F2AD56317EDE9B40096EC8D /* SHKFormFieldCellOptionPicker.m */,
				7F2AD56417EDE9B40096EC8D /* SHKFormFieldCellSwitch.h */,
				7F2AD56517EDE9B40096EC8D /* SHKFormFieldCellSwitch.m */,
				7F2AD56617EDE9B40096EC8D /* SHKFormFieldCellText.h */,
				7F2AD56717EDE9B40096EC8D /* SHKFormFieldCellText.m */,
				7F2AD56A17EDE9B40096EC8D /* SHKFormFieldLargeTextSettings.h */,
				7F2AD56B17EDE9B40096EC8D /* SHKFormFieldLargeTextSettings.m */,
				7F2AD56C17EDE9B40096EC8D /* SHKFormFieldOptionPickerSettings.h */,
				7F2AD56D17EDE9B40096EC8D /* SHKFormFieldOptionPickerSettings.m */,
				7F2AD56E17EDE9B40096EC8D /* SHKFormFieldSettings.h */,
				7F2AD56F17EDE9B40096EC8D /* SHKFormFieldSettings.m */,
				7F2AD57017EDE9B40096EC8D /* SHKFormOptionController.h */,
				7F2AD57117EDE9B40096EC8D /* SHKFormOptionController.m */,
				7F2AD57417EDE9B40096EC8D /* SHKShareItemDelegate.h */,
				7F2AD57517EDE9B40096EC8D /* SHKShareMenu.h */,
				7F2AD57617EDE9B40096EC8D /* SHKShareMenu.m */,
			);
			path = UI;
			sourceTree = "<group>";
		};
		7F3871DB17BE4F1000D8E39D /* 3rdParty */ = {
			isa = PBXGroup;
			children = (
				7F4F683D17F6F97600F1017B /* ImageEditor */,
				7F2AD48217EDE9B40096EC8D /* ShareKit */,
				7FC4136A17C7E8450025DD2C /* Foursquare */,
				7F544A3718085377001FFEC3 /* ALAssetsLibrary+CustomPhotoAlbum.h */,
				7F544A3818085378001FFEC3 /* ALAssetsLibrary+CustomPhotoAlbum.m */,
				7F1767AA17C76F0F00724BD6 /* CaptureSessionManager.h */,
				7F1767AB17C76F0F00724BD6 /* CaptureSessionManager.m */,
				7F3871DC17BE4F1000D8E39D /* DDMenuController.h */,
				7F3871DD17BE4F1000D8E39D /* DDMenuController.m */,
				7F3A16FF17F627A200584614 /* UIAlphaGradientView.h */,
				7F3A170017F627A200584614 /* UIAlphaGradientView.m */,
				7FCD262A17F5BFEC00BFDF4E /* SMPageControl.h */,
				7FCD262B17F5BFEC00BFDF4E /* SMPageControl.m */,
			);
			name = 3rdParty;
			path = InstaCar/CustomControls;
			sourceTree = "<group>";
		};
		7F419E1D17D6549C00255E56 /* TableCells */ = {
			isa = PBXGroup;
			children = (
				7F419E2517D65EBB00255E56 /* CellSkinSet.h */,
				7F419E2617D65EBB00255E56 /* CellSkinSet.m */,
				7F419E2B17D6698000255E56 /* CellAuto.h */,
				7F419E2C17D6698000255E56 /* CellAuto.m */,
				7FB233B117D6773C003751B5 /* CellSelectedAuto.h */,
				7FB233B217D6773C003751B5 /* CellSelectedAuto.m */,
				7F2E97DA17DBDF9D003598EC /* CellVenue.h */,
				7F2E97DB17DBDF9D003598EC /* CellVenue.m */,
			);
			name = TableCells;
			sourceTree = "<group>";
		};
		7F4CB66A180977E9008B5CA2 /* Core */ = {
			isa = PBXGroup;
			children = (
				7F00E86318142EE7004F435A /* DbManager.h */,
				7F00E86418142EE7004F435A /* DbManager.m */,
				7F4CB66D180978CF008B5CA2 /* DataManager.h */,
				7F4CB66E180978CF008B5CA2 /* DataManager.m */,
				7F4CB671180978CF008B5CA2 /* UserSettings.h */,
				7F4CB672180978CF008B5CA2 /* UserSettings.m */,
				7F4CB66F180978CF008B5CA2 /* SkinProvider.h */,
				7F4CB670180978CF008B5CA2 /* SkinProvider.m */,
				7F4CB675180978CF008B5CA2 /* VenueProvider.h */,
				7F4CB676180978CF008B5CA2 /* VenueProvider.m */,
				7F4CB673180978CF008B5CA2 /* Utils.h */,
				7F4CB674180978CF008B5CA2 /* Utils.m */,
				7F4CB66B180978CF008B5CA2 /* CustomSHKConfigurator.h */,
				7F4CB66C180978CF008B5CA2 /* CustomSHKConfigurator.m */,
				7F4CB667180977DF008B5CA2 /* iCloudHandler.h */,
				7F4CB668180977DF008B5CA2 /* iCloudHandler.m */,
			);
			name = Core;
			sourceTree = "<group>";
		};
		7F4CB67D18097908008B5CA2 /* Skins */ = {
			isa = PBXGroup;
			children = (
				7F882C271832ECC60083CFC9 /* SkinSetBase.h */,
				7F882C281832ECC60083CFC9 /* SkinSetBase.m */,
				7F4CB68C18097908008B5CA2 /* SkinViewBase.h */,
				7F4CB68D18097908008B5CA2 /* SkinViewBase.m */,
				7F4CB67E18097908008B5CA2 /* SetDefault */,
				7F882C161832EB420083CFC9 /* SetVersus */,
			);
			name = Skins;
			path = InstaCar/Data/Skins;
			sourceTree = "<group>";
		};
		7F4CB67E18097908008B5CA2 /* SetDefault */ = {
			isa = PBXGroup;
			children = (
				7F4CB68518097908008B5CA2 /* SetDefault.h */,
				7F4CB68618097908008B5CA2 /* SetDefault.m */,
				7F4CB68718097908008B5CA2 /* SetDefault.xib */,
				7F4CB67F18097908008B5CA2 /* LocationSimple.h */,
				7F4CB68018097908008B5CA2 /* LocationSimple.m */,
				7F4CB68118097908008B5CA2 /* LogoNameLeft.h */,
				7F4CB68218097908008B5CA2 /* LogoNameLeft.m */,
				7F4CB68318097908008B5CA2 /* LogoRight.h */,
				7F4CB68418097908008B5CA2 /* LogoRight.m */,
				7F4CB68818097908008B5CA2 /* SkinSimple.h */,
				7F4CB68918097908008B5CA2 /* SkinSimple.m */,
				7F4CB68A18097908008B5CA2 /* SkinSimple2.h */,
				7F4CB68B18097908008B5CA2 /* SkinSimple2.m */,
				7F4FE8901826FF0B00045ABD /* SkinLogoCountryBadge.h */,
				7F4FE8911826FF0B00045ABD /* SkinLogoCountryBadge.m */,
			);
			path = SetDefault;
			sourceTree = "<group>";
		};
		7F4F683D17F6F97600F1017B /* ImageEditor */ = {
			isa = PBXGroup;
			children = (
				7F4F684517F6FDF500F1017B /* ImageEditor.h */,
				7F4F684617F6FDF500F1017B /* ImageEditor.m */,
				7F4F684717F6FDF500F1017B /* ImageEditor.xib */,
				7F4F683E17F6F97600F1017B /* HFImageEditorFrameView.h */,
				7F4F683F17F6F97600F1017B /* HFImageEditorFrameView.m */,
				7F4F684017F6F97600F1017B /* HFImageEditorViewController+SubclassingHooks.h */,
				7F4F684117F6F97600F1017B /* HFImageEditorViewController.h */,
				7F4F684217F6F97600F1017B /* HFImageEditorViewController.m */,
			);
			path = ImageEditor;
			sourceTree = "<group>";
		};
		7F5AC64117CBFFDD00C01658 /* Data */ = {
			isa = PBXGroup;
			children = (
				7FD7659518D4895A00F43E92 /* db.sqlite */,
				7F4CB67D18097908008B5CA2 /* Skins */,
				7F5AC64B17CC06CE00C01658 /* Auto.h */,
				7F5AC64C17CC06CE00C01658 /* Auto.m */,
				7F59AC5B17D3BA4700B87457 /* AutoModel.h */,
				7F59AC5C17D3BA4700B87457 /* AutoModel.m */,
				7F72A06317D7AED10075FC0B /* AutoSubmodel.h */,
				7F72A06417D7AED10075FC0B /* AutoSubmodel.m */,
				7F7FF46E17CF8634000E0ABD /* Location.h */,
				7F7FF46F17CF8634000E0ABD /* Location.m */,
				7FFEBC5417DBA54F00B1DC9A /* auto_logos.xcassets */,
			);
			name = Data;
			sourceTree = "<group>";
		};
		7F882C161832EB420083CFC9 /* SetVersus */ = {
			isa = PBXGroup;
			children = (
				7F882C1F1832EBE50083CFC9 /* SetVersus.h */,
				7F882C201832EBE50083CFC9 /* SetVersus.m */,
				7F882C211832EBE50083CFC9 /* SetVersus.xib */,
				7F882C221832EBE50083CFC9 /* SkinVersusName.h */,
				7F882C231832EBE50083CFC9 /* SkinVersusName.m */,
				7F9656D71866F463000325B9 /* SkinVersusLogo.h */,
				7F9656D81866F463000325B9 /* SkinVersusLogo.m */,
			);
			name = SetVersus;
			sourceTree = "<group>";
		};
		7FC4136A17C7E8450025DD2C /* Foursquare */ = {
			isa = PBXGroup;
			children = (
				7FC4136B17C7E8450025DD2C /* Foursquare2.h */,
				7FC4136C17C7E8450025DD2C /* Foursquare2.m */,
				7FC4136D17C7E8450025DD2C /* FSConverter.h */,
				7FC4136E17C7E8450025DD2C /* FSConverter.m */,
				7FC4136F17C7E8450025DD2C /* FSRequester.h */,
				7FC4137017C7E8450025DD2C /* FSRequester.m */,
				7FC4137117C7E8450025DD2C /* FSTargetCallback.h */,
				7FC4137217C7E8450025DD2C /* FSTargetCallback.m */,
				7FC4137317C7E8450025DD2C /* FSVenue.h */,
				7FC4137417C7E8450025DD2C /* FSVenue.m */,
			);
			path = Foursquare;
			sourceTree = "<group>";
		};
/* End PBXGroup section */

/* Begin PBXNativeTarget section */
		7F27670D1791E80000A1C1A0 /* InstaCar */ = {
			isa = PBXNativeTarget;
			buildConfigurationList = 7F2767401791E80000A1C1A0 /* Build configuration list for PBXNativeTarget "InstaCar" */;
			buildPhases = (
				7F27670A1791E80000A1C1A0 /* Sources */,
				7F27670B1791E80000A1C1A0 /* Frameworks */,
				7F27670C1791E80000A1C1A0 /* Resources */,
			);
			buildRules = (
			);
			dependencies = (
			);
			name = InstaCar;
			productName = InstaCar;
			productReference = 7F27670E1791E80000A1C1A0 /* InstaCar.app */;
			productType = "com.apple.product-type.application";
		};
		7F27672E1791E80000A1C1A0 /* InstaCarTests */ = {
			isa = PBXNativeTarget;
			buildConfigurationList = 7F2767431791E80000A1C1A0 /* Build configuration list for PBXNativeTarget "InstaCarTests" */;
			buildPhases = (
				7F27672B1791E80000A1C1A0 /* Sources */,
				7F27672C1791E80000A1C1A0 /* Frameworks */,
				7F27672D1791E80000A1C1A0 /* Resources */,
			);
			buildRules = (
			);
			dependencies = (
				7F2767351791E80000A1C1A0 /* PBXTargetDependency */,
			);
			name = InstaCarTests;
			productName = InstaCarTests;
			productReference = 7F27672F1791E80000A1C1A0 /* InstaCarTests.xctest */;
			productType = "com.apple.product-type.bundle.unit-test";
		};
/* End PBXNativeTarget section */

/* Begin PBXProject section */
		7F2767061791E7FF00A1C1A0 /* Project object */ = {
			isa = PBXProject;
			attributes = {
				LastUpgradeCheck = 0510;
				ORGANIZATIONNAME = "Viktor Sydorenko";
				TargetAttributes = {
					7F27670D1791E80000A1C1A0 = {
						DevelopmentTeam = LB9983BHHS;
						SystemCapabilities = {
							com.apple.iCloud = {
								enabled = 1;
							};
						};
					};
					7F27672E1791E80000A1C1A0 = {
						TestTargetID = 7F27670D1791E80000A1C1A0;
					};
				};
			};
			buildConfigurationList = 7F2767091791E7FF00A1C1A0 /* Build configuration list for PBXProject "InstaCar" */;
			compatibilityVersion = "Xcode 3.2";
			developmentRegion = English;
			hasScannedForEncodings = 0;
			knownRegions = (
				en,
				Base,
			);
			mainGroup = 7F2767051791E7FF00A1C1A0;
			productRefGroup = 7F27670F1791E80000A1C1A0 /* Products */;
			projectDirPath = "";
			projectRoot = "";
			targets = (
				7F27670D1791E80000A1C1A0 /* InstaCar */,
				7F27672E1791E80000A1C1A0 /* InstaCarTests */,
			);
		};
/* End PBXProject section */

/* Begin PBXResourcesBuildPhase section */
		7F27670C1791E80000A1C1A0 /* Resources */ = {
			isa = PBXResourcesBuildPhase;
			buildActionMask = 2147483647;
			files = (
				7F27672A1791E80000A1C1A0 /* Images.xcassets in Resources */,
				7F2AD5CA17EDE9B40096EC8D /* SHKShareFileIcon.png in Resources */,
				7F2AD59A17EDE9B40096EC8D /* DETweetPaperClip.png in Resources */,
				7F2AD59D17EDE9B40096EC8D /* DETweetURLAttachment@2x.png in Resources */,
				7F4F684917F6FDF500F1017B /* ImageEditor.xib in Resources */,
				7F2AD48117EDE9390096EC8D /* SHKCustomSharers.plist in Resources */,
				7F2AD59917EDE9B40096EC8D /* SHKSharers.plist in Resources */,
				7FD7659618D4895A00F43E92 /* db.sqlite in Resources */,
				7F882C251832EBE50083CFC9 /* SetVersus.xib in Resources */,
				7F002D21180B49C60076879F /* Settings.bundle in Resources */,
				7F27AE081812F58E00168424 /* Settings_disabled.bundle in Resources */,
				7FFEBC5517DBA54F00B1DC9A /* auto_logos.xcassets in Resources */,
				7F2AD5CB17EDE9B40096EC8D /* SHKShareFileIcon@2x.png in Resources */,
				7F2AD59B17EDE9B40096EC8D /* DETweetPaperClip@2x.png in Resources */,
				7F27671C1791E80000A1C1A0 /* InfoPlist.strings in Resources */,
				7F3871D317BE4B7900D8E39D /* main.storyboard in Resources */,
				7F4CB69218097908008B5CA2 /* SetDefault.xib in Resources */,
				7F2AD59C17EDE9B40096EC8D /* DETweetURLAttachment.png in Resources */,
			);
			runOnlyForDeploymentPostprocessing = 0;
		};
		7F27672D1791E80000A1C1A0 /* Resources */ = {
			isa = PBXResourcesBuildPhase;
			buildActionMask = 2147483647;
			files = (
				7F27673B1791E80000A1C1A0 /* InfoPlist.strings in Resources */,
			);
			runOnlyForDeploymentPostprocessing = 0;
		};
/* End PBXResourcesBuildPhase section */

/* Begin PBXSourcesBuildPhase section */
		7F27670A1791E80000A1C1A0 /* Sources */ = {
			isa = PBXSourcesBuildPhase;
			buildActionMask = 2147483647;
			files = (
				7F882C241832EBE50083CFC9 /* SetVersus.m in Sources */,
				7F3871D617BE4CA900D8E39D /* MainNavController.m in Sources */,
				7F3871DE17BE4F1000D8E39D /* DDMenuController.m in Sources */,
				7F4CB68E18097908008B5CA2 /* LocationSimple.m in Sources */,
				7F2AD59417EDE9B40096EC8D /* SHKRequest.m in Sources */,
				7F3648B3180F2A1900B95693 /* FirstTimeInfoVC.m in Sources */,
				7FC4137C17C7EFF70025DD2C /* LocationsVC.m in Sources */,
				7F4CB69518097908008B5CA2 /* SkinViewBase.m in Sources */,
				7F4CB69318097908008B5CA2 /* SkinSimple.m in Sources */,
				7F3871E117BE5A4F00D8E39D /* AppMenuTableVC.m in Sources */,
				7FF3389317D4C0E700B046C4 /* SkinsVC.m in Sources */,
				7F4CB679180978CF008B5CA2 /* SkinProvider.m in Sources */,
				7F7FF47017CF8634000E0ABD /* Location.m in Sources */,
				7F419E2D17D6698000255E56 /* CellAuto.m in Sources */,
				7F4F684317F6F97600F1017B /* HFImageEditorFrameView.m in Sources */,
				7F4F684417F6F97600F1017B /* HFImageEditorViewController.m in Sources */,
				7F2AD5A417EDE9B40096EC8D /* SHKPrint.m in Sources */,
				7F544A3918085378001FFEC3 /* ALAssetsLibrary+CustomPhotoAlbum.m in Sources */,
				7F2AD5D517EDE9B40096EC8D /* SHKFormFieldOptionPickerSettings.m in Sources */,
				7F419E2717D65EBB00255E56 /* CellSkinSet.m in Sources */,
				7F2AD57717EDE9B40096EC8D /* DefaultSHKConfigurator.m in Sources */,
				7F4CB678180978CF008B5CA2 /* DataManager.m in Sources */,
				7F2AD57817EDE9B40096EC8D /* SHKConfiguration.m in Sources */,
				7F00E86518142EE7004F435A /* DbManager.m in Sources */,
				7FCD262C17F5BFEC00BFDF4E /* SMPageControl.m in Sources */,
				7F9656D91866F463000325B9 /* SkinVersusLogo.m in Sources */,
				7F4CB68F18097908008B5CA2 /* LogoNameLeft.m in Sources */,
				7F2AD57C17EDE9B40096EC8D /* SHKSharerDelegate.m in Sources */,
				7F2AD5D017EDE9B40096EC8D /* SHKFormFieldCellOptionPicker.m in Sources */,
				7F4CB69418097908008B5CA2 /* SkinSimple2.m in Sources */,
				7F4CB669180977DF008B5CA2 /* iCloudHandler.m in Sources */,
				7F2AD5D417EDE9B40096EC8D /* SHKFormFieldLargeTextSettings.m in Sources */,
				7F4CB67B180978CF008B5CA2 /* Utils.m in Sources */,
				7F4ECC2D17C8062800BF1671 /* SideViewControllerBase.m in Sources */,
				7F2AD5A517EDE9B40096EC8D /* SHKPhotoAlbum.m in Sources */,
				7F4CB677180978CF008B5CA2 /* CustomSHKConfigurator.m in Sources */,
				7F3871D917BE4D4C00D8E39D /* MainVC.m in Sources */,
				7F2AD5C417EDE9B40096EC8D /* SHKiOSTwitter.m in Sources */,
				7F59AC5D17D3BA4700B87457 /* AutoModel.m in Sources */,
				7FC4137917C7E8450025DD2C /* FSVenue.m in Sources */,
				7F2AD57B17EDE9B40096EC8D /* SHKSharer.m in Sources */,
				7F4F684817F6FDF500F1017B /* ImageEditor.m in Sources */,
				7F5AC64D17CC06CE00C01658 /* Auto.m in Sources */,
				7F4CB67A180978CF008B5CA2 /* UserSettings.m in Sources */,
				7F882C291832ECC60083CFC9 /* SkinSetBase.m in Sources */,
				7F4CB67C180978CF008B5CA2 /* VenueProvider.m in Sources */,
				7F2AD59517EDE9B40096EC8D /* SHKXMLResponseParser.m in Sources */,
				7F2767221791E80000A1C1A0 /* AppDelegate.m in Sources */,
				7F2AD5A017EDE9B40096EC8D /* SHKCopy.m in Sources */,
				7F27671E1791E80000A1C1A0 /* main.m in Sources */,
				7F882C261832EBE50083CFC9 /* SkinVersusName.m in Sources */,
				7FC4137817C7E8450025DD2C /* FSTargetCallback.m in Sources */,
				7F5C46671811E87900DF94B1 /* ProInfoVC.m in Sources */,
				7F4CB69118097908008B5CA2 /* SetDefault.m in Sources */,
				7F72A06517D7AED10075FC0B /* AutoSubmodel.m in Sources */,
				7F1767AC17C76F0F00724BD6 /* CaptureSessionManager.m in Sources */,
				7F3A170117F627A200584614 /* UIAlphaGradientView.m in Sources */,
				7FB233B317D6773C003751B5 /* CellSelectedAuto.m in Sources */,
				7F4FE8921826FF0B00045ABD /* SkinLogoCountryBadge.m in Sources */,
				7F2AD5A617EDE9B40096EC8D /* SHKTextMessage.m in Sources */,
				7F2AD5D617EDE9B40096EC8D /* SHKFormFieldSettings.m in Sources */,
				7FEF908917D505E800C07A05 /* AutosVC.m in Sources */,
				7F2AD5CC17EDE9B40096EC8D /* SHKActionSheet.m in Sources */,
				7F2AD5AF17EDE9B40096EC8D /* SHKiOSFacebook.m in Sources */,
				7F4CB69018097908008B5CA2 /* LogoRight.m in Sources */,
				7F2AD57917EDE9B40096EC8D /* SHKiOSSharer.m in Sources */,
				7F2AD5A317EDE9B40096EC8D /* SHKSafari.m in Sources */,
				7FD356341805E704008EC167 /* CustomCarFormVC.m in Sources */,
				7F2E97DC17DBDF9D003598EC /* CellVenue.m in Sources */,
				7F2AD5D917EDE9B40096EC8D /* SHKShareMenu.m in Sources */,
				7F2AD5CF17EDE9B40096EC8D /* SHKFormFieldCell.m in Sources */,
				7F2AD57E17EDE9B40096EC8D /* NSArray+JoinValues.m in Sources */,
				7F2AD59317EDE9B40096EC8D /* SHKFile.m in Sources */,
				7FC4137717C7E8450025DD2C /* FSRequester.m in Sources */,
				7F2AD5D217EDE9B40096EC8D /* SHKFormFieldCellText.m in Sources */,
				7F2AD59617EDE9B40096EC8D /* SHK.m in Sources */,
				7F2AD5B917EDE9B40096EC8D /* SHKInstagram.m in Sources */,
				7FC4137617C7E8450025DD2C /* FSConverter.m in Sources */,
				7F2AD5A117EDE9B40096EC8D /* SHKMail.m in Sources */,
				7F2AD5D717EDE9B40096EC8D /* SHKFormOptionController.m in Sources */,
				7F2AD5CD17EDE9B40096EC8D /* SHKActivityIndicator.m in Sources */,
				7F2AD59717EDE9B40096EC8D /* SHKItem.m in Sources */,
				7F2AD5D117EDE9B40096EC8D /* SHKFormFieldCellSwitch.m in Sources */,
				7FC4137517C7E8450025DD2C /* Foursquare2.m in Sources */,
			);
			runOnlyForDeploymentPostprocessing = 0;
		};
		7F27672B1791E80000A1C1A0 /* Sources */ = {
			isa = PBXSourcesBuildPhase;
			buildActionMask = 2147483647;
			files = (
				7F27673D1791E80000A1C1A0 /* InstaCarTests.m in Sources */,
			);
			runOnlyForDeploymentPostprocessing = 0;
		};
/* End PBXSourcesBuildPhase section */

/* Begin PBXTargetDependency section */
		7F2767351791E80000A1C1A0 /* PBXTargetDependency */ = {
			isa = PBXTargetDependency;
			target = 7F27670D1791E80000A1C1A0 /* InstaCar */;
			targetProxy = 7F2767341791E80000A1C1A0 /* PBXContainerItemProxy */;
		};
/* End PBXTargetDependency section */

/* Begin PBXVariantGroup section */
		7F27671A1791E80000A1C1A0 /* InfoPlist.strings */ = {
			isa = PBXVariantGroup;
			children = (
				7F27671B1791E80000A1C1A0 /* en */,
			);
			name = InfoPlist.strings;
			sourceTree = "<group>";
		};
		7F2767391791E80000A1C1A0 /* InfoPlist.strings */ = {
			isa = PBXVariantGroup;
			children = (
				7F27673A1791E80000A1C1A0 /* en */,
			);
			name = InfoPlist.strings;
			sourceTree = "<group>";
		};
/* End PBXVariantGroup section */

/* Begin XCBuildConfiguration section */
		7F27673E1791E80000A1C1A0 /* Debug */ = {
			isa = XCBuildConfiguration;
			buildSettings = {
				ALWAYS_SEARCH_USER_PATHS = NO;
				CLANG_CXX_LANGUAGE_STANDARD = "gnu++0x";
				CLANG_CXX_LIBRARY = "libc++";
				CLANG_ENABLE_MODULES = YES;
				CLANG_ENABLE_OBJC_ARC = YES;
				CLANG_WARN_BOOL_CONVERSION = YES;
				CLANG_WARN_CONSTANT_CONVERSION = YES;
				CLANG_WARN_DIRECT_OBJC_ISA_USAGE = YES_ERROR;
				CLANG_WARN_EMPTY_BODY = YES;
				CLANG_WARN_ENUM_CONVERSION = YES;
				CLANG_WARN_INT_CONVERSION = YES;
				CLANG_WARN_OBJC_ROOT_CLASS = YES_ERROR;
				CLANG_WARN__DUPLICATE_METHOD_MATCH = YES;
				"CODE_SIGN_IDENTITY[sdk=iphoneos*]" = "iPhone Developer";
				COPY_PHASE_STRIP = NO;
				GCC_C_LANGUAGE_STANDARD = gnu99;
				GCC_DYNAMIC_NO_PIC = NO;
				GCC_OPTIMIZATION_LEVEL = 0;
				GCC_PREPROCESSOR_DEFINITIONS = (
					"DEBUG=1",
					"$(inherited)",
				);
				GCC_SYMBOLS_PRIVATE_EXTERN = NO;
				GCC_WARN_ABOUT_RETURN_TYPE = YES_ERROR;
				GCC_WARN_UNDECLARED_SELECTOR = YES;
				GCC_WARN_UNINITIALIZED_AUTOS = YES;
				GCC_WARN_UNUSED_FUNCTION = YES;
				GCC_WARN_UNUSED_VARIABLE = YES;
				IPHONEOS_DEPLOYMENT_TARGET = 7.0;
				ONLY_ACTIVE_ARCH = YES;
				SDKROOT = iphoneos;
			};
			name = Debug;
		};
		7F27673F1791E80000A1C1A0 /* Release */ = {
			isa = XCBuildConfiguration;
			buildSettings = {
				ALWAYS_SEARCH_USER_PATHS = NO;
				CLANG_CXX_LANGUAGE_STANDARD = "gnu++0x";
				CLANG_CXX_LIBRARY = "libc++";
				CLANG_ENABLE_MODULES = YES;
				CLANG_ENABLE_OBJC_ARC = YES;
				CLANG_WARN_BOOL_CONVERSION = YES;
				CLANG_WARN_CONSTANT_CONVERSION = YES;
				CLANG_WARN_DIRECT_OBJC_ISA_USAGE = YES_ERROR;
				CLANG_WARN_EMPTY_BODY = YES;
				CLANG_WARN_ENUM_CONVERSION = YES;
				CLANG_WARN_INT_CONVERSION = YES;
				CLANG_WARN_OBJC_ROOT_CLASS = YES_ERROR;
				CLANG_WARN__DUPLICATE_METHOD_MATCH = YES;
				"CODE_SIGN_IDENTITY[sdk=iphoneos*]" = "iPhone Developer";
				COPY_PHASE_STRIP = YES;
				ENABLE_NS_ASSERTIONS = NO;
				GCC_C_LANGUAGE_STANDARD = gnu99;
				GCC_WARN_ABOUT_RETURN_TYPE = YES_ERROR;
				GCC_WARN_UNDECLARED_SELECTOR = YES;
				GCC_WARN_UNINITIALIZED_AUTOS = YES;
				GCC_WARN_UNUSED_FUNCTION = YES;
				GCC_WARN_UNUSED_VARIABLE = YES;
				IPHONEOS_DEPLOYMENT_TARGET = 7.0;
				SDKROOT = iphoneos;
				VALIDATE_PRODUCT = YES;
			};
			name = Release;
		};
		7F2767411791E80000A1C1A0 /* Debug */ = {
			isa = XCBuildConfiguration;
			buildSettings = {
				ASSETCATALOG_COMPILER_APPICON_NAME = AppIcon;
				ASSETCATALOG_COMPILER_LAUNCHIMAGE_NAME = LaunchImage;
				CODE_SIGN_ENTITLEMENTS = InstaCar/InstaCar.entitlements;
				CODE_SIGN_IDENTITY = "iPhone Developer";
				"CODE_SIGN_IDENTITY[sdk=iphoneos*]" = "iPhone Developer";
				GCC_PRECOMPILE_PREFIX_HEADER = YES;
				GCC_PREFIX_HEADER = "InstaCar/InstaCar-Prefix.pch";
				INFOPLIST_FILE = "InstaCar/InstaCar-Info.plist";
				IPHONEOS_DEPLOYMENT_TARGET = 7.0;
				OTHER_LDFLAGS = (
					"-all_load",
					"-ObjC",
				);
				PRODUCT_NAME = "$(TARGET_NAME)";
				PROVISIONING_PROFILE = "";
				TARGETED_DEVICE_FAMILY = 1;
				USER_HEADER_SEARCH_PATHS = "Submodules/**";
				WRAPPER_EXTENSION = app;
			};
			name = Debug;
		};
		7F2767421791E80000A1C1A0 /* Release */ = {
			isa = XCBuildConfiguration;
			buildSettings = {
				ASSETCATALOG_COMPILER_APPICON_NAME = AppIcon;
				ASSETCATALOG_COMPILER_LAUNCHIMAGE_NAME = LaunchImage;
				CODE_SIGN_ENTITLEMENTS = InstaCar/InstaCar.entitlements;
				CODE_SIGN_IDENTITY = "iPhone Developer";
				"CODE_SIGN_IDENTITY[sdk=iphoneos*]" = "iPhone Developer";
				GCC_PRECOMPILE_PREFIX_HEADER = YES;
				GCC_PREFIX_HEADER = "InstaCar/InstaCar-Prefix.pch";
				INFOPLIST_FILE = "InstaCar/InstaCar-Info.plist";
				IPHONEOS_DEPLOYMENT_TARGET = 7.0;
				OTHER_LDFLAGS = (
					"-all_load",
					"-ObjC",
				);
				PRODUCT_NAME = "$(TARGET_NAME)";
				PROVISIONING_PROFILE = "";
				TARGETED_DEVICE_FAMILY = 1;
				USER_HEADER_SEARCH_PATHS = "Submodules/**";
				WRAPPER_EXTENSION = app;
			};
			name = Release;
		};
		7F2767441791E80000A1C1A0 /* Debug */ = {
			isa = XCBuildConfiguration;
			buildSettings = {
				BUNDLE_LOADER = "$(BUILT_PRODUCTS_DIR)/InstaCar.app/InstaCar";
				FRAMEWORK_SEARCH_PATHS = (
					"$(SDKROOT)/Developer/Library/Frameworks",
					"$(inherited)",
					"$(SYSTEM_APPS_DIR)/Xcode5-DP2.app/Contents/Developer/Library/Frameworks",
				);
				GCC_PRECOMPILE_PREFIX_HEADER = YES;
				GCC_PREFIX_HEADER = "InstaCar/InstaCar-Prefix.pch";
				GCC_PREPROCESSOR_DEFINITIONS = (
					"DEBUG=1",
					"$(inherited)",
				);
				INFOPLIST_FILE = "InstaCarTests/InstaCarTests-Info.plist";
				PRODUCT_NAME = "$(TARGET_NAME)";
				TEST_HOST = "$(BUNDLE_LOADER)";
				WRAPPER_EXTENSION = xctest;
			};
			name = Debug;
		};
		7F2767451791E80000A1C1A0 /* Release */ = {
			isa = XCBuildConfiguration;
			buildSettings = {
				BUNDLE_LOADER = "$(BUILT_PRODUCTS_DIR)/InstaCar.app/InstaCar";
				FRAMEWORK_SEARCH_PATHS = (
					"$(SDKROOT)/Developer/Library/Frameworks",
					"$(inherited)",
					"$(SYSTEM_APPS_DIR)/Xcode5-DP2.app/Contents/Developer/Library/Frameworks",
				);
				GCC_PRECOMPILE_PREFIX_HEADER = YES;
				GCC_PREFIX_HEADER = "InstaCar/InstaCar-Prefix.pch";
				INFOPLIST_FILE = "InstaCarTests/InstaCarTests-Info.plist";
				PRODUCT_NAME = "$(TARGET_NAME)";
				TEST_HOST = "$(BUNDLE_LOADER)";
				WRAPPER_EXTENSION = xctest;
			};
			name = Release;
		};
/* End XCBuildConfiguration section */

/* Begin XCConfigurationList section */
		7F2767091791E7FF00A1C1A0 /* Build configuration list for PBXProject "InstaCar" */ = {
			isa = XCConfigurationList;
			buildConfigurations = (
				7F27673E1791E80000A1C1A0 /* Debug */,
				7F27673F1791E80000A1C1A0 /* Release */,
			);
			defaultConfigurationIsVisible = 0;
			defaultConfigurationName = Release;
		};
		7F2767401791E80000A1C1A0 /* Build configuration list for PBXNativeTarget "InstaCar" */ = {
			isa = XCConfigurationList;
			buildConfigurations = (
				7F2767411791E80000A1C1A0 /* Debug */,
				7F2767421791E80000A1C1A0 /* Release */,
			);
			defaultConfigurationIsVisible = 0;
			defaultConfigurationName = Release;
		};
		7F2767431791E80000A1C1A0 /* Build configuration list for PBXNativeTarget "InstaCarTests" */ = {
			isa = XCConfigurationList;
			buildConfigurations = (
				7F2767441791E80000A1C1A0 /* Debug */,
				7F2767451791E80000A1C1A0 /* Release */,
			);
			defaultConfigurationIsVisible = 0;
			defaultConfigurationName = Release;
		};
/* End XCConfigurationList section */
	};
	rootObject = 7F2767061791E7FF00A1C1A0 /* Project object */;
}
